<?xml version="1.0" encoding="utf-8"?>
<Project ToolsVersion="4.0" xmlns="http://schemas.microsoft.com/developer/msbuild/2003">
  <ItemGroup>
    <Filter Include="Source Files">
      <UniqueIdentifier>{4FC737F1-C7A5-4376-A066-2A32D752A2FF}</UniqueIdentifier>
      <Extensions>cpp;c;cc;cxx;def;odl;idl;hpj;bat;asm;asmx</Extensions>
    </Filter>
    <Filter Include="Header Files">
      <UniqueIdentifier>{93995380-89BD-4b04-88EB-625FBE52EBFB}</UniqueIdentifier>
      <Extensions>h;hh;hpp;hxx;hm;inl;inc;xsd</Extensions>
    </Filter>
    <Filter Include="Resource Files">
      <UniqueIdentifier>{67DA6AB6-F800-4c08-8B7A-83BB121AAD01}</UniqueIdentifier>
      <Extensions>rc;ico;cur;bmp;dlg;rc2;rct;bin;rgs;gif;jpg;jpeg;jpe;resx;tiff;tif;png;wav;mfcribbon-ms</Extensions>
    </Filter>
    <Filter Include="Shaders">
      <UniqueIdentifier>{5a254baa-03dc-4475-b0b3-c4016dfa63b0}</UniqueIdentifier>
    </Filter>
  </ItemGroup>
  <ItemGroup>
    <ClCompile Include="..\common\ExampleXGL.cpp">
      <Filter>Source Files</Filter>
    </ClCompile>
    <ClCompile Include="..\common\ExampleGUI.cpp">
      <Filter>Source Files</Filter>
    </ClCompile>
    <ClCompile Include="..\common\imgui_main.cpp">
      <Filter>Source Files</Filter>
    </ClCompile>
    <ClCompile Include="..\common\imgui_menu_bar.cpp">
      <Filter>Source Files</Filter>
    </ClCompile>
    <ClCompile Include="..\common\ImGuiFileDialog.cpp">
      <Filter>Source Files</Filter>
    </ClCompile>
    <ClCompile Include="NetCDFDevBuildScene.cpp">
      <Filter>Source Files</Filter>
    </ClCompile>
  </ItemGroup>
  <ItemGroup>
    <None Include="..\..\shaders\lighting.frag">
      <Filter>Shaders</Filter>
    </None>
    <None Include="..\..\shaders\lighting.vert">
      <Filter>Shaders</Filter>
    </None>
    <None Include="..\..\shaders\simple.frag">
      <Filter>Shaders</Filter>
    </None>
    <None Include="..\..\shaders\simple.vert">
      <Filter>Shaders</Filter>
    </None>
    <None Include="..\..\shaders\diffuse.frag">
      <Filter>Shaders</Filter>
    </None>
    <None Include="..\..\shaders\diffuse.vert">
      <Filter>Shaders</Filter>
    </None>
    <None Include="..\..\shaders\specular.frag">
      <Filter>Shaders</Filter>
    </None>
    <None Include="..\..\shaders\specular.vert">
      <Filter>Shaders</Filter>
    </None>
    <None Include="..\..\shaders\imageflip.frag">
      <Filter>Shaders</Filter>
    </None>
    <None Include="..\..\shaders\imageflip.vert">
      <Filter>Shaders</Filter>
    </None>
    <None Include="..\..\shaders\tex.frag">
      <Filter>Shaders</Filter>
    </None>
    <None Include="..\..\shaders\tex.vert">
      <Filter>Shaders</Filter>
    </None>
    <None Include="..\..\shaders\gui.frag">
      <Filter>Shaders</Filter>
    </None>
    <None Include="..\..\shaders\gui.vert">
      <Filter>Shaders</Filter>
    </None>
    <None Include="..\..\shaders\zz-gui.frag">
      <Filter>Shaders</Filter>
    </None>
    <None Include="..\..\shaders\zz-gui.vert">
      <Filter>Shaders</Filter>
    </None>
    <None Include="..\..\shaders\gui-tex.frag">
      <Filter>Shaders</Filter>
    </None>
    <None Include="..\..\shaders\gui-tex.vert">
      <Filter>Shaders</Filter>
    </None>
  </ItemGroup>
</Project>