
Microsoft Visual Studio Solution File, Format Version 12.00
# Visual Studio 15
VisualStudioVersion = 15.0.28010.2048
MinimumVisualStudioVersion = 10.0.40219.1
Project("{2150E333-8FDC-42A3-9474-1A3956D46DE8}") = "Examples", "Examples", "{24EAE59C-1779-4D00-8819-415B4A41868E}"
EndProject
Project("{8BC9CEB8-8B4A-11D0-8D11-00A0C91BC942}") = "xclass", "xclass\xclass.vcxproj", "{AC4080D2-1C42-4812-943D-79CA13A1D86C}"
	ProjectSection(ProjectDependencies) = postProject
		{EA50E705-5113-49E5-B105-2512EDC8DDC6} = {EA50E705-5113-49E5-B105-2512EDC8DDC6}
	EndProjectSection
EndProject
Project("{8BC9CEB8-8B4A-11D0-8D11-00A0C91BC942}") = "Example01", "examples\Example01\Example01.vcxproj", "{9F4C8B2C-EA87-42DD-874F-D607F5443471}"
	ProjectSection(ProjectDependencies) = postProject
		{AC4080D2-1C42-4812-943D-79CA13A1D86C} = {AC4080D2-1C42-4812-943D-79CA13A1D86C}
	EndProjectSection
EndProject
Project("{8BC9CEB8-8B4A-11D0-8D11-00A0C91BC942}") = "Example02", "examples\Example02\Example02.vcxproj", "{1850E1D3-CCD3-45DE-96DB-23F398B10DC5}"
	ProjectSection(ProjectDependencies) = postProject
		{AC4080D2-1C42-4812-943D-79CA13A1D86C} = {AC4080D2-1C42-4812-943D-79CA13A1D86C}
	EndProjectSection
EndProject
Project("{8BC9CEB8-8B4A-11D0-8D11-00A0C91BC942}") = "Example03", "examples\Example03\Example03.vcxproj", "{E32C66DF-A149-4F9D-BC5F-782C49AC79F0}"
	ProjectSection(ProjectDependencies) = postProject
		{AC4080D2-1C42-4812-943D-79CA13A1D86C} = {AC4080D2-1C42-4812-943D-79CA13A1D86C}
	EndProjectSection
EndProject
Project("{8BC9CEB8-8B4A-11D0-8D11-00A0C91BC942}") = "Example04", "examples\Example04\Example04.vcxproj", "{0800F0D8-6E70-4870-A3A7-6728F9F738B0}"
	ProjectSection(ProjectDependencies) = postProject
		{AC4080D2-1C42-4812-943D-79CA13A1D86C} = {AC4080D2-1C42-4812-943D-79CA13A1D86C}
	EndProjectSection
EndProject
Project("{8BC9CEB8-8B4A-11D0-8D11-00A0C91BC942}") = "Example05", "examples\Example05\Example05.vcxproj", "{98653A2F-7624-4688-A031-3CEA328A5ABA}"
	ProjectSection(ProjectDependencies) = postProject
		{AC4080D2-1C42-4812-943D-79CA13A1D86C} = {AC4080D2-1C42-4812-943D-79CA13A1D86C}
	EndProjectSection
EndProject
Project("{8BC9CEB8-8B4A-11D0-8D11-00A0C91BC942}") = "OpenCVTest", "examples\OpenCVTest\OpenCVTest.vcxproj", "{09E2581D-A2ED-46DE-A433-07C1EF37CDC1}"
	ProjectSection(ProjectDependencies) = postProject
		{AC4080D2-1C42-4812-943D-79CA13A1D86C} = {AC4080D2-1C42-4812-943D-79CA13A1D86C}
	EndProjectSection
EndProject
Project("{8BC9CEB8-8B4A-11D0-8D11-00A0C91BC942}") = "OpenCVWebcam", "examples\OpenCVWebcam\OpenCVWebcam.vcxproj", "{46D52517-CF94-49C0-90E3-832CFA21D13D}"
	ProjectSection(ProjectDependencies) = postProject
		{AC4080D2-1C42-4812-943D-79CA13A1D86C} = {AC4080D2-1C42-4812-943D-79CA13A1D86C}
	EndProjectSection
EndProject
Project("{2150E333-8FDC-42A3-9474-1A3956D46DE8}") = "common", "common", "{1A5C1CC4-9FE3-496C-9856-D269B05C278E}"
	ProjectSection(SolutionItems) = preProject
		examples\common\xh264annexb.cpp = examples\common\xh264annexb.cpp
	EndProjectSection
EndProject
Project("{8BC9CEB8-8B4A-11D0-8D11-00A0C91BC942}") = "ThreadsTest", "examples\ThreadsTest\ThreadsTest.vcxproj", "{536373B5-E6CC-47A9-8F52-00C34683D2A9}"
	ProjectSection(ProjectDependencies) = postProject
		{AC4080D2-1C42-4812-943D-79CA13A1D86C} = {AC4080D2-1C42-4812-943D-79CA13A1D86C}
	EndProjectSection
EndProject
Project("{8BC9CEB8-8B4A-11D0-8D11-00A0C91BC942}") = "XAVTest", "examples\XAVTest\XAVTest.vcxproj", "{AD968A04-D2CC-40C0-85D3-DEE6FB2FFBAC}"
	ProjectSection(ProjectDependencies) = postProject
		{AC4080D2-1C42-4812-943D-79CA13A1D86C} = {AC4080D2-1C42-4812-943D-79CA13A1D86C}
	EndProjectSection
EndProject
Project("{8BC9CEB8-8B4A-11D0-8D11-00A0C91BC942}") = "OpenALTest", "examples\OpenALTest\OpenALTest.vcxproj", "{E7E845DE-F82B-446B-877D-6FEF448F6038}"
	ProjectSection(ProjectDependencies) = postProject
		{AC4080D2-1C42-4812-943D-79CA13A1D86C} = {AC4080D2-1C42-4812-943D-79CA13A1D86C}
	EndProjectSection
EndProject
Project("{8BC9CEB8-8B4A-11D0-8D11-00A0C91BC942}") = "PhysXTest", "examples\PhysXTest\PhysXTest.vcxproj", "{3482FD1F-C417-41CB-93D8-46856BEF7F17}"
	ProjectSection(ProjectDependencies) = postProject
		{AC4080D2-1C42-4812-943D-79CA13A1D86C} = {AC4080D2-1C42-4812-943D-79CA13A1D86C}
	EndProjectSection
EndProject
Project("{2150E333-8FDC-42A3-9474-1A3956D46DE8}") = "Assets", "Assets", "{526A4A9A-A338-4CAE-BC55-3A8479A67E33}"
	ProjectSection(SolutionItems) = preProject
		assets\config.json = assets\config.json
	EndProjectSection
EndProject
Project("{8BC9CEB8-8B4A-11D0-8D11-00A0C91BC942}") = "SDFTest", "examples\SDFTest\SDFTest.vcxproj", "{F11ACB28-85F0-456F-BFC5-C4E174890746}"
	ProjectSection(ProjectDependencies) = postProject
		{AC4080D2-1C42-4812-943D-79CA13A1D86C} = {AC4080D2-1C42-4812-943D-79CA13A1D86C}
	EndProjectSection
EndProject
Project("{8BC9CEB8-8B4A-11D0-8D11-00A0C91BC942}") = "ComputeShaderTest", "examples\ComputeShaderTest\ComputeShaderTest.vcxproj", "{BBD86E0C-6438-4637-903D-78ACFE5EEB83}"
	ProjectSection(ProjectDependencies) = postProject
		{AC4080D2-1C42-4812-943D-79CA13A1D86C} = {AC4080D2-1C42-4812-943D-79CA13A1D86C}
	EndProjectSection
EndProject
Project("{8BC9CEB8-8B4A-11D0-8D11-00A0C91BC942}") = "GUIDev", "examples\GUIDev\GUIDev.vcxproj", "{FC6BA931-21C5-4DDF-88C3-CA9136AB8EA9}"
	ProjectSection(ProjectDependencies) = postProject
		{AC4080D2-1C42-4812-943D-79CA13A1D86C} = {AC4080D2-1C42-4812-943D-79CA13A1D86C}
	EndProjectSection
EndProject
Project("{8BC9CEB8-8B4A-11D0-8D11-00A0C91BC942}") = "MavlinkDev", "examples\MavlinkDev\MavlinkDev.vcxproj", "{73DE473B-0B51-4F7D-B7B9-7E0612ED8E4B}"
	ProjectSection(ProjectDependencies) = postProject
		{AC4080D2-1C42-4812-943D-79CA13A1D86C} = {AC4080D2-1C42-4812-943D-79CA13A1D86C}
	EndProjectSection
EndProject
Project("{8BC9CEB8-8B4A-11D0-8D11-00A0C91BC942}") = "MidiDev", "examples\MidiDev\MidiDev.vcxproj", "{8A56AED7-0207-4FC5-8DEB-4A008AA9918B}"
	ProjectSection(ProjectDependencies) = postProject
		{AC4080D2-1C42-4812-943D-79CA13A1D86C} = {AC4080D2-1C42-4812-943D-79CA13A1D86C}
	EndProjectSection
EndProject
Project("{8BC9CEB8-8B4A-11D0-8D11-00A0C91BC942}") = "OVRTest", "examples\OVRTest\OVRTest.vcxproj", "{923B6414-5033-42E6-8639-C1DDAEB414E9}"
	ProjectSection(ProjectDependencies) = postProject
		{AC4080D2-1C42-4812-943D-79CA13A1D86C} = {AC4080D2-1C42-4812-943D-79CA13A1D86C}
	EndProjectSection
EndProject
Project("{2150E333-8FDC-42A3-9474-1A3956D46DE8}") = "3rdParty", "3rdParty", "{AEF119EB-E8D2-4FC8-87DF-A818B128D5E0}"
EndProject
Project("{8BC9CEB8-8B4A-11D0-8D11-00A0C91BC942}") = "LibOVR", "xclass\3rdParty\OculusSDK\LibOVR\Projects\Windows\VS2013\LibOVR.vcxproj", "{EA50E705-5113-49E5-B105-2512EDC8DDC6}"
EndProject
Project("{8BC9CEB8-8B4A-11D0-8D11-00A0C91BC942}") = "WorldGUIDev", "examples\WorldGUIDev\WorldGUIDev.vcxproj", "{9D14F096-F141-42FD-88E8-267EC73777BA}"
	ProjectSection(ProjectDependencies) = postProject
		{AC4080D2-1C42-4812-943D-79CA13A1D86C} = {AC4080D2-1C42-4812-943D-79CA13A1D86C}
	EndProjectSection
EndProject
Project("{8BC9CEB8-8B4A-11D0-8D11-00A0C91BC942}") = "Example06", "examples\Example06\Example06.vcxproj", "{B089A6AF-EF02-417C-9360-44F58C0A09A6}"
	ProjectSection(ProjectDependencies) = postProject
		{AC4080D2-1C42-4812-943D-79CA13A1D86C} = {AC4080D2-1C42-4812-943D-79CA13A1D86C}
	EndProjectSection
EndProject
Project("{8BC9CEB8-8B4A-11D0-8D11-00A0C91BC942}") = "OpenCLTest", "examples\OpenCLTest\OpenCLTest.vcxproj", "{957E8C68-D0A4-4915-985C-56A91EC451BC}"
	ProjectSection(ProjectDependencies) = postProject
		{AC4080D2-1C42-4812-943D-79CA13A1D86C} = {AC4080D2-1C42-4812-943D-79CA13A1D86C}
	EndProjectSection
EndProject
Project("{8BC9CEB8-8B4A-11D0-8D11-00A0C91BC942}") = "ComputeShaderParticles", "examples\ComputeShaderParticles\ComputeShaderParticles.vcxproj", "{DB9C3A3B-FA33-4EBB-B5CD-A52A9500B707}"
	ProjectSection(ProjectDependencies) = postProject
		{AC4080D2-1C42-4812-943D-79CA13A1D86C} = {AC4080D2-1C42-4812-943D-79CA13A1D86C}
	EndProjectSection
EndProject
Project("{8BC9CEB8-8B4A-11D0-8D11-00A0C91BC942}") = "ExampleSpring", "examples\ExampleSpring\ExampleSpring.vcxproj", "{7F461C7B-7A52-4D53-9CC2-2A41D68C7DAF}"
	ProjectSection(ProjectDependencies) = postProject
		{AC4080D2-1C42-4812-943D-79CA13A1D86C} = {AC4080D2-1C42-4812-943D-79CA13A1D86C}
	EndProjectSection
EndProject
Project("{8BC9CEB8-8B4A-11D0-8D11-00A0C91BC942}") = "Gravity", "examples\Gravity\Gravity.vcxproj", "{99482630-24E1-49DB-8309-BB90C509E4DD}"
	ProjectSection(ProjectDependencies) = postProject
		{AC4080D2-1C42-4812-943D-79CA13A1D86C} = {AC4080D2-1C42-4812-943D-79CA13A1D86C}
	EndProjectSection
EndProject
Project("{8BC9CEB8-8B4A-11D0-8D11-00A0C91BC942}") = "GPMFConsoleSample", "examples\GPMFConsoleSample\GPMFConsoleSample.vcxproj", "{9A82A334-6943-4431-BC1D-67B37D4A9580}"
	ProjectSection(ProjectDependencies) = postProject
		{AC4080D2-1C42-4812-943D-79CA13A1D86C} = {AC4080D2-1C42-4812-943D-79CA13A1D86C}
	EndProjectSection
EndProject
Project("{8BC9CEB8-8B4A-11D0-8D11-00A0C91BC942}") = "SmartList", "examples\SmartList\SmartList.vcxproj", "{DE80430D-EFFC-48EA-847F-F8D05570E8B8}"
	ProjectSection(ProjectDependencies) = postProject
		{AC4080D2-1C42-4812-943D-79CA13A1D86C} = {AC4080D2-1C42-4812-943D-79CA13A1D86C}
	EndProjectSection
EndProject
Project("{8BC9CEB8-8B4A-11D0-8D11-00A0C91BC942}") = "SmartThreads", "examples\SmartThreads\SmartThreads.vcxproj", "{5E5C0FAD-40CF-4245-97BF-016B6BDA1F22}"
	ProjectSection(ProjectDependencies) = postProject
		{AC4080D2-1C42-4812-943D-79CA13A1D86C} = {AC4080D2-1C42-4812-943D-79CA13A1D86C}
	EndProjectSection
EndProject
Project("{8BC9CEB8-8B4A-11D0-8D11-00A0C91BC942}") = "SemaphoreTest", "examples\SemaphoreTest\SemaphoreTest.vcxproj", "{70A25750-7EAB-41EE-864C-49C9BC63F7AA}"
	ProjectSection(ProjectDependencies) = postProject
		{AC4080D2-1C42-4812-943D-79CA13A1D86C} = {AC4080D2-1C42-4812-943D-79CA13A1D86C}
	EndProjectSection
EndProject
Project("{8BC9CEB8-8B4A-11D0-8D11-00A0C91BC942}") = "TimingTest", "examples\TimingTest\TimingTest.vcxproj", "{489EC3E4-ED7D-4646-BD56-6EB4AE5491F6}"
	ProjectSection(ProjectDependencies) = postProject
		{AC4080D2-1C42-4812-943D-79CA13A1D86C} = {AC4080D2-1C42-4812-943D-79CA13A1D86C}
	EndProjectSection
EndProject
Project("{8BC9CEB8-8B4A-11D0-8D11-00A0C91BC942}") = "MP4Dev", "examples\MP4Dev\MP4Dev.vcxproj", "{913656F0-B7A6-4CA3-9490-864ED433246A}"
	ProjectSection(ProjectDependencies) = postProject
		{AC4080D2-1C42-4812-943D-79CA13A1D86C} = {AC4080D2-1C42-4812-943D-79CA13A1D86C}
	EndProjectSection
EndProject
Project("{8BC9CEB8-8B4A-11D0-8D11-00A0C91BC942}") = "NanoSvgTest", "examples\NanoSvgTest\NanoSvgTest.vcxproj", "{EB4BFA4A-D7A5-4518-8BF3-B3CE9D589303}"
	ProjectSection(ProjectDependencies) = postProject
		{AC4080D2-1C42-4812-943D-79CA13A1D86C} = {AC4080D2-1C42-4812-943D-79CA13A1D86C}
	EndProjectSection
EndProject
Project("{8BC9CEB8-8B4A-11D0-8D11-00A0C91BC942}") = "FreeTypeDev", "examples\FreeTypeDev\FreeTypeDev.vcxproj", "{EBFE4111-B324-4144-929E-01E41DAE575E}"
	ProjectSection(ProjectDependencies) = postProject
		{AC4080D2-1C42-4812-943D-79CA13A1D86C} = {AC4080D2-1C42-4812-943D-79CA13A1D86C}
	EndProjectSection
EndProject
Project("{2150E333-8FDC-42A3-9474-1A3956D46DE8}") = "UnitTests", "UnitTests", "{C14291D8-7D09-49F4-9D35-ED370CEFA893}"
EndProject
Project("{8BC9CEB8-8B4A-11D0-8D11-00A0C91BC942}") = "triangle", "xclass\3rdParty\Triangle\triangle.vcxproj", "{19FAEE08-386E-42E2-AF62-A91BE5A66FBF}"
EndProject
Project("{8BC9CEB8-8B4A-11D0-8D11-00A0C91BC942}") = "IMUDev", "examples\ImuDev\IMUDev.vcxproj", "{4687140E-08DB-4F8D-A57A-84D95D880C37}"
	ProjectSection(ProjectDependencies) = postProject
		{AC4080D2-1C42-4812-943D-79CA13A1D86C} = {AC4080D2-1C42-4812-943D-79CA13A1D86C}
	EndProjectSection
EndProject
Project("{8BC9CEB8-8B4A-11D0-8D11-00A0C91BC942}") = "CameraFlyer", "examples\CameraFlyer\CameraFlyer.vcxproj", "{3AC8132D-0702-4EDA-8C33-B8F30A09BF68}"
	ProjectSection(ProjectDependencies) = postProject
		{AC4080D2-1C42-4812-943D-79CA13A1D86C} = {AC4080D2-1C42-4812-943D-79CA13A1D86C}
	EndProjectSection
EndProject
Project("{8BC9CEB8-8B4A-11D0-8D11-00A0C91BC942}") = "GameDev01", "examples\GameDev01\GameDev01.vcxproj", "{B5CD721C-131E-4CED-811F-279B9D6225B7}"
	ProjectSection(ProjectDependencies) = postProject
		{AC4080D2-1C42-4812-943D-79CA13A1D86C} = {AC4080D2-1C42-4812-943D-79CA13A1D86C}
	EndProjectSection
EndProject
Project("{8BC9CEB8-8B4A-11D0-8D11-00A0C91BC942}") = "CudaDev1", "examples\CudaDev1\CudaDev1.vcxproj", "{9E0AA65F-F792-4349-89D8-945F3B96497B}"
	ProjectSection(ProjectDependencies) = postProject
		{AC4080D2-1C42-4812-943D-79CA13A1D86C} = {AC4080D2-1C42-4812-943D-79CA13A1D86C}
	EndProjectSection
EndProject
Project("{8BC9CEB8-8B4A-11D0-8D11-00A0C91BC942}") = "CudaTexture", "examples\CudaTexture\CudaTexture.vcxproj", "{7BBB8593-13C6-4F6B-A89C-49DD63C5CA8E}"
	ProjectSection(ProjectDependencies) = postProject
		{AC4080D2-1C42-4812-943D-79CA13A1D86C} = {AC4080D2-1C42-4812-943D-79CA13A1D86C}
	EndProjectSection
EndProject
Project("{2150E333-8FDC-42A3-9474-1A3956D46DE8}") = "Shaders", "Shaders", "{5CB0B469-1E60-474A-92D6-3D4F8041E571}"
	ProjectSection(SolutionItems) = preProject
		shaders\000-simple.frag = shaders\000-simple.frag
		shaders\000-simple.vert = shaders\000-simple.vert
		shaders\bezier.frag = shaders\bezier.frag
		shaders\bezier.geom = shaders\bezier.geom
		shaders\bezier.vert = shaders\bezier.vert
		shaders\bezierPix.frag = shaders\bezierPix.frag
		shaders\bezierPix.vert = shaders\bezierPix.vert
		shaders\diffuse.frag = shaders\diffuse.frag
		shaders\diffuse.vert = shaders\diffuse.vert
		shaders\mono.frag = shaders\mono.frag
		shaders\mono.vert = shaders\mono.vert
		shaders\ortho-rgb.frag = shaders\ortho-rgb.frag
		shaders\ortho-rgb.vert = shaders\ortho-rgb.vert
		shaders\ortho-tex.frag = shaders\ortho-tex.frag
		shaders\ortho-tex.vert = shaders\ortho-tex.vert
		shaders\specular.frag = shaders\specular.frag
		shaders\specular.vert = shaders\specular.vert
		shaders\tex.frag = shaders\tex.frag
		shaders\tex.vert = shaders\tex.vert
		shaders\textShader.vert = shaders\textShader.vert
		shaders\yuv.frag = shaders\yuv.frag
		shaders\yuv.vert = shaders\yuv.vert
		shaders\yyy.frag = shaders\yyy.frag
		shaders\yyy.vert = shaders\yyy.vert
		shaders\zzz.frag = shaders\zzz.frag
		shaders\zzz.vert = shaders\zzz.vert
	EndProjectSection
EndProject
Project("{8BC9CEB8-8B4A-11D0-8D11-00A0C91BC942}") = "MultiContextDev", "examples\MultiContextDev\MultiContextDev.vcxproj", "{04FC97F6-67AF-437A-8552-5FBE62B439E7}"
	ProjectSection(ProjectDependencies) = postProject
		{AC4080D2-1C42-4812-943D-79CA13A1D86C} = {AC4080D2-1C42-4812-943D-79CA13A1D86C}
	EndProjectSection
EndProject
Project("{8BC9CEB8-8B4A-11D0-8D11-00A0C91BC942}") = "MP4Dev2", "examples\MP4Dev2\MP4Dev2.vcxproj", "{EE4E8F2A-E619-407B-8F8C-7C88BFF927F4}"
EndProject
Project("{8BC9CEB8-8B4A-11D0-8D11-00A0C91BC942}") = "MP4Dev3", "examples\MP4Dev3\MP4Dev3.vcxproj", "{A637624F-7180-4F55-903C-F810B29ED59F}"
EndProject
Project("{8BC9CEB8-8B4A-11D0-8D11-00A0C91BC942}") = "ImGuiDev", "examples\ImGuiDev\ImGuiDev.vcxproj", "{C5721200-CCD8-4958-9C8A-4EA1F99EF10C}"
	ProjectSection(ProjectDependencies) = postProject
		{5499B067-CF32-4141-A757-E0A29866994A} = {5499B067-CF32-4141-A757-E0A29866994A}
		{AC4080D2-1C42-4812-943D-79CA13A1D86C} = {AC4080D2-1C42-4812-943D-79CA13A1D86C}
	EndProjectSection
EndProject
Project("{2150E333-8FDC-42A3-9474-1A3956D46DE8}") = "Header Files", "Header Files", "{DCE87CD9-B13B-4D53-B81F-67DC2E5BE5FD}"
	ProjectSection(SolutionItems) = preProject
		examples\common\ExampleXGL.h = examples\common\ExampleXGL.h
		examples\common\ImGuiFileDialog.h = examples\common\ImGuiFileDialog.h
		examples\common\InputTrackers.h = examples\common\InputTrackers.h
		examples\common\WinMain.h = examples\common\WinMain.h
		examples\common\xglcontextimage.h = examples\common\xglcontextimage.h
		examples\common\xh264.h = examples\common\xh264.h
		examples\common\xh264annexb.h = examples\common\xh264annexb.h
		examples\common\xlog.h = examples\common\xlog.h
	EndProjectSection
EndProject
Project("{2150E333-8FDC-42A3-9474-1A3956D46DE8}") = "Source Files", "Source Files", "{7F74C7DF-1E26-448B-9952-31463567B8A3}"
	ProjectSection(SolutionItems) = preProject
		examples\common\ExampleGUI.cpp = examples\common\ExampleGUI.cpp
		examples\common\ExampleXGL.cpp = examples\common\ExampleXGL.cpp
		examples\common\imgui_main.cpp = examples\common\imgui_main.cpp
		examples\common\imgui_menu_bar.cpp = examples\common\imgui_menu_bar.cpp
		examples\common\ImGuiFileDialog.cpp = examples\common\ImGuiFileDialog.cpp
		examples\common\main.cpp = examples\common\main.cpp
		examples\common\WinMain.cpp = examples\common\WinMain.cpp
		examples\common\xglimgui.cpp = examples\common\xglimgui.cpp
		examples\common\xh264.cpp = examples\common\xh264.cpp
		examples\common\xh264annexb.cpp = examples\common\xh264annexb.cpp
		examples\common\xlog.cpp = examples\common\xlog.cpp
	EndProjectSection
EndProject
Project("{8BC9CEB8-8B4A-11D0-8D11-00A0C91BC942}") = "FreeTypeDev2", "examples\FreeTypeDev2\FreeTypeDev2.vcxproj", "{D967F26C-8807-4CFD-8653-93DD6F4371C0}"
	ProjectSection(ProjectDependencies) = postProject
		{AC4080D2-1C42-4812-943D-79CA13A1D86C} = {AC4080D2-1C42-4812-943D-79CA13A1D86C}
	EndProjectSection
EndProject
Project("{8BC9CEB8-8B4A-11D0-8D11-00A0C91BC942}") = "BezierTest", "examples\BezierTest\BezierTest.vcxproj", "{E5FAF77A-D5A3-48CE-B060-25E0BEBEDD52}"
	ProjectSection(ProjectDependencies) = postProject
		{AC4080D2-1C42-4812-943D-79CA13A1D86C} = {AC4080D2-1C42-4812-943D-79CA13A1D86C}
	EndProjectSection
EndProject
Project("{8BC9CEB8-8B4A-11D0-8D11-00A0C91BC942}") = "AssimpDev", "examples\AssimpDev\AssimpDev.vcxproj", "{31D65169-B2AA-45D2-9E8C-FCF3F43EF741}"
	ProjectSection(ProjectDependencies) = postProject
		{AC4080D2-1C42-4812-943D-79CA13A1D86C} = {AC4080D2-1C42-4812-943D-79CA13A1D86C}
	EndProjectSection
EndProject
Project("{2150E333-8FDC-42A3-9474-1A3956D46DE8}") = "3DModels", "3DModels", "{320225F3-3FE0-4B4C-B355-1196FFEEBD9A}"
EndProject
Project("{8BC9CEB8-8B4A-11D0-8D11-00A0C91BC942}") = "ActivityStream", "examples\ActivityStream\ActivityStream.vcxproj", "{D7F1E445-D2AC-49AA-B492-B3F5DA472FA9}"
	ProjectSection(ProjectDependencies) = postProject
		{AC4080D2-1C42-4812-943D-79CA13A1D86C} = {AC4080D2-1C42-4812-943D-79CA13A1D86C}
	EndProjectSection
EndProject
Project("{8BC9CEB8-8B4A-11D0-8D11-00A0C91BC942}") = "Bento4", "xclass\3rdParty\bento4\Build\Targets\x86_64-microsoft-win32-vs2017\Bento4\Bento4.vcxproj", "{A714AA1C-45A9-403D-A6E1-020E520119A2}"
EndProject
Project("{8BC9CEB8-8B4A-11D0-8D11-00A0C91BC942}") = "ldecod", "xclass\3rdParty\JM\ldecod_vc141.vcxproj", "{5499B067-CF32-4141-A757-E0A29866994A}"
EndProject
Project("{8BC9CEB8-8B4A-11D0-8D11-00A0C91BC942}") = "Mp42Avc", "xclass\3rdParty\bento4\Build\Targets\x86_64-microsoft-win32-vs2017\Mp42Avc\Mp42Avc.vcxproj", "{28D14679-1C21-4B6E-B891-62769EDCEFFF}"
EndProject
Project("{8BC9CEB8-8B4A-11D0-8D11-00A0C91BC942}") = "zlibstatic", "xclass\3rdParty\assimp\build-vs15\contrib\zlib\zlibstatic.vcxproj", "{D122C032-DC5D-3DD2-A2B7-E8ECF7A7186A}"
EndProject
Project("{8BC9CEB8-8B4A-11D0-8D11-00A0C91BC942}") = "IrrXML", "xclass\3rdParty\assimp\build-vs15\contrib\irrXML\IrrXML.vcxproj", "{8628FC2A-B121-30BA-80FC-1D0242A4A007}"
EndProject
Project("{8BC9CEB8-8B4A-11D0-8D11-00A0C91BC942}") = "assimp", "xclass\3rdParty\assimp\build-vs15\code\assimp.vcxproj", "{FB3BE9B7-5B1F-3D11-B5B0-FBB423F7D393}"
EndProject
Project("{8BC9CEB8-8B4A-11D0-8D11-00A0C91BC942}") = "NetCDFDev", "examples\NetCDFDev\HDF5Dev.vcxproj", "{40C9F5C0-9B85-4D35-90F9-E13DA268E08B}"
EndProject
Global
	GlobalSection(SolutionConfigurationPlatforms) = preSolution
		Debug|Mixed Platforms = Debug|Mixed Platforms
		Debug|Win32 = Debug|Win32
		Debug|x64 = Debug|x64
		Release|Mixed Platforms = Release|Mixed Platforms
		Release|Win32 = Release|Win32
		Release|x64 = Release|x64
	EndGlobalSection
	GlobalSection(ProjectConfigurationPlatforms) = postSolution
		{AC4080D2-1C42-4812-943D-79CA13A1D86C}.Debug|Mixed Platforms.ActiveCfg = Debug|Win32
		{AC4080D2-1C42-4812-943D-79CA13A1D86C}.Debug|Mixed Platforms.Build.0 = Debug|Win32
		{AC4080D2-1C42-4812-943D-79CA13A1D86C}.Debug|Win32.ActiveCfg = Debug|Win32
		{AC4080D2-1C42-4812-943D-79CA13A1D86C}.Debug|Win32.Build.0 = Debug|Win32
		{AC4080D2-1C42-4812-943D-79CA13A1D86C}.Debug|x64.ActiveCfg = Debug|x64
		{AC4080D2-1C42-4812-943D-79CA13A1D86C}.Debug|x64.Build.0 = Debug|x64
		{AC4080D2-1C42-4812-943D-79CA13A1D86C}.Release|Mixed Platforms.ActiveCfg = Release|Win32
		{AC4080D2-1C42-4812-943D-79CA13A1D86C}.Release|Mixed Platforms.Build.0 = Release|Win32
		{AC4080D2-1C42-4812-943D-79CA13A1D86C}.Release|Win32.ActiveCfg = Release|Win32
		{AC4080D2-1C42-4812-943D-79CA13A1D86C}.Release|Win32.Build.0 = Release|Win32
		{AC4080D2-1C42-4812-943D-79CA13A1D86C}.Release|x64.ActiveCfg = Release|x64
		{AC4080D2-1C42-4812-943D-79CA13A1D86C}.Release|x64.Build.0 = Release|x64
		{9F4C8B2C-EA87-42DD-874F-D607F5443471}.Debug|Mixed Platforms.ActiveCfg = Debug|Win32
		{9F4C8B2C-EA87-42DD-874F-D607F5443471}.Debug|Mixed Platforms.Build.0 = Debug|Win32
		{9F4C8B2C-EA87-42DD-874F-D607F5443471}.Debug|Win32.ActiveCfg = Debug|Win32
		{9F4C8B2C-EA87-42DD-874F-D607F5443471}.Debug|Win32.Build.0 = Debug|Win32
		{9F4C8B2C-EA87-42DD-874F-D607F5443471}.Debug|x64.ActiveCfg = Debug|x64
		{9F4C8B2C-EA87-42DD-874F-D607F5443471}.Debug|x64.Build.0 = Debug|x64
		{9F4C8B2C-EA87-42DD-874F-D607F5443471}.Release|Mixed Platforms.ActiveCfg = Release|Win32
		{9F4C8B2C-EA87-42DD-874F-D607F5443471}.Release|Mixed Platforms.Build.0 = Release|Win32
		{9F4C8B2C-EA87-42DD-874F-D607F5443471}.Release|Win32.ActiveCfg = Release|Win32
		{9F4C8B2C-EA87-42DD-874F-D607F5443471}.Release|Win32.Build.0 = Release|Win32
		{9F4C8B2C-EA87-42DD-874F-D607F5443471}.Release|x64.ActiveCfg = Release|x64
		{9F4C8B2C-EA87-42DD-874F-D607F5443471}.Release|x64.Build.0 = Release|x64
		{1850E1D3-CCD3-45DE-96DB-23F398B10DC5}.Debug|Mixed Platforms.ActiveCfg = Debug|Win32
		{1850E1D3-CCD3-45DE-96DB-23F398B10DC5}.Debug|Mixed Platforms.Build.0 = Debug|Win32
		{1850E1D3-CCD3-45DE-96DB-23F398B10DC5}.Debug|Win32.ActiveCfg = Debug|Win32
		{1850E1D3-CCD3-45DE-96DB-23F398B10DC5}.Debug|Win32.Build.0 = Debug|Win32
		{1850E1D3-CCD3-45DE-96DB-23F398B10DC5}.Debug|x64.ActiveCfg = Debug|x64
		{1850E1D3-CCD3-45DE-96DB-23F398B10DC5}.Debug|x64.Build.0 = Debug|x64
		{1850E1D3-CCD3-45DE-96DB-23F398B10DC5}.Release|Mixed Platforms.ActiveCfg = Release|Win32
		{1850E1D3-CCD3-45DE-96DB-23F398B10DC5}.Release|Mixed Platforms.Build.0 = Release|Win32
		{1850E1D3-CCD3-45DE-96DB-23F398B10DC5}.Release|Win32.ActiveCfg = Release|Win32
		{1850E1D3-CCD3-45DE-96DB-23F398B10DC5}.Release|Win32.Build.0 = Release|Win32
		{1850E1D3-CCD3-45DE-96DB-23F398B10DC5}.Release|x64.ActiveCfg = Release|x64
		{1850E1D3-CCD3-45DE-96DB-23F398B10DC5}.Release|x64.Build.0 = Release|x64
		{E32C66DF-A149-4F9D-BC5F-782C49AC79F0}.Debug|Mixed Platforms.ActiveCfg = Debug|Win32
		{E32C66DF-A149-4F9D-BC5F-782C49AC79F0}.Debug|Mixed Platforms.Build.0 = Debug|Win32
		{E32C66DF-A149-4F9D-BC5F-782C49AC79F0}.Debug|Win32.ActiveCfg = Debug|Win32
		{E32C66DF-A149-4F9D-BC5F-782C49AC79F0}.Debug|Win32.Build.0 = Debug|Win32
		{E32C66DF-A149-4F9D-BC5F-782C49AC79F0}.Debug|x64.ActiveCfg = Debug|x64
		{E32C66DF-A149-4F9D-BC5F-782C49AC79F0}.Debug|x64.Build.0 = Debug|x64
		{E32C66DF-A149-4F9D-BC5F-782C49AC79F0}.Release|Mixed Platforms.ActiveCfg = Release|Win32
		{E32C66DF-A149-4F9D-BC5F-782C49AC79F0}.Release|Mixed Platforms.Build.0 = Release|Win32
		{E32C66DF-A149-4F9D-BC5F-782C49AC79F0}.Release|Win32.ActiveCfg = Release|Win32
		{E32C66DF-A149-4F9D-BC5F-782C49AC79F0}.Release|Win32.Build.0 = Release|Win32
		{E32C66DF-A149-4F9D-BC5F-782C49AC79F0}.Release|x64.ActiveCfg = Release|x64
		{E32C66DF-A149-4F9D-BC5F-782C49AC79F0}.Release|x64.Build.0 = Release|x64
		{0800F0D8-6E70-4870-A3A7-6728F9F738B0}.Debug|Mixed Platforms.ActiveCfg = Debug|Win32
		{0800F0D8-6E70-4870-A3A7-6728F9F738B0}.Debug|Mixed Platforms.Build.0 = Debug|Win32
		{0800F0D8-6E70-4870-A3A7-6728F9F738B0}.Debug|Win32.ActiveCfg = Debug|Win32
		{0800F0D8-6E70-4870-A3A7-6728F9F738B0}.Debug|Win32.Build.0 = Debug|Win32
		{0800F0D8-6E70-4870-A3A7-6728F9F738B0}.Debug|x64.ActiveCfg = Debug|x64
		{0800F0D8-6E70-4870-A3A7-6728F9F738B0}.Debug|x64.Build.0 = Debug|x64
		{0800F0D8-6E70-4870-A3A7-6728F9F738B0}.Release|Mixed Platforms.ActiveCfg = Release|Win32
		{0800F0D8-6E70-4870-A3A7-6728F9F738B0}.Release|Mixed Platforms.Build.0 = Release|Win32
		{0800F0D8-6E70-4870-A3A7-6728F9F738B0}.Release|Win32.ActiveCfg = Release|Win32
		{0800F0D8-6E70-4870-A3A7-6728F9F738B0}.Release|Win32.Build.0 = Release|Win32
		{0800F0D8-6E70-4870-A3A7-6728F9F738B0}.Release|x64.ActiveCfg = Release|x64
		{0800F0D8-6E70-4870-A3A7-6728F9F738B0}.Release|x64.Build.0 = Release|x64
		{98653A2F-7624-4688-A031-3CEA328A5ABA}.Debug|Mixed Platforms.ActiveCfg = Debug|Win32
		{98653A2F-7624-4688-A031-3CEA328A5ABA}.Debug|Mixed Platforms.Build.0 = Debug|Win32
		{98653A2F-7624-4688-A031-3CEA328A5ABA}.Debug|Win32.ActiveCfg = Debug|Win32
		{98653A2F-7624-4688-A031-3CEA328A5ABA}.Debug|Win32.Build.0 = Debug|Win32
		{98653A2F-7624-4688-A031-3CEA328A5ABA}.Debug|x64.ActiveCfg = Debug|x64
		{98653A2F-7624-4688-A031-3CEA328A5ABA}.Debug|x64.Build.0 = Debug|x64
		{98653A2F-7624-4688-A031-3CEA328A5ABA}.Release|Mixed Platforms.ActiveCfg = Release|Win32
		{98653A2F-7624-4688-A031-3CEA328A5ABA}.Release|Mixed Platforms.Build.0 = Release|Win32
		{98653A2F-7624-4688-A031-3CEA328A5ABA}.Release|Win32.ActiveCfg = Release|Win32
		{98653A2F-7624-4688-A031-3CEA328A5ABA}.Release|Win32.Build.0 = Release|Win32
		{98653A2F-7624-4688-A031-3CEA328A5ABA}.Release|x64.ActiveCfg = Release|x64
		{98653A2F-7624-4688-A031-3CEA328A5ABA}.Release|x64.Build.0 = Release|x64
		{09E2581D-A2ED-46DE-A433-07C1EF37CDC1}.Debug|Mixed Platforms.ActiveCfg = Debug|Win32
		{09E2581D-A2ED-46DE-A433-07C1EF37CDC1}.Debug|Mixed Platforms.Build.0 = Debug|Win32
		{09E2581D-A2ED-46DE-A433-07C1EF37CDC1}.Debug|Win32.ActiveCfg = Debug|Win32
		{09E2581D-A2ED-46DE-A433-07C1EF37CDC1}.Debug|Win32.Build.0 = Debug|Win32
		{09E2581D-A2ED-46DE-A433-07C1EF37CDC1}.Debug|x64.ActiveCfg = Debug|x64
		{09E2581D-A2ED-46DE-A433-07C1EF37CDC1}.Debug|x64.Build.0 = Debug|x64
		{09E2581D-A2ED-46DE-A433-07C1EF37CDC1}.Release|Mixed Platforms.ActiveCfg = Release|Win32
		{09E2581D-A2ED-46DE-A433-07C1EF37CDC1}.Release|Mixed Platforms.Build.0 = Release|Win32
		{09E2581D-A2ED-46DE-A433-07C1EF37CDC1}.Release|Win32.ActiveCfg = Release|Win32
		{09E2581D-A2ED-46DE-A433-07C1EF37CDC1}.Release|Win32.Build.0 = Release|Win32
		{09E2581D-A2ED-46DE-A433-07C1EF37CDC1}.Release|x64.ActiveCfg = Release|x64
		{09E2581D-A2ED-46DE-A433-07C1EF37CDC1}.Release|x64.Build.0 = Release|x64
		{46D52517-CF94-49C0-90E3-832CFA21D13D}.Debug|Mixed Platforms.ActiveCfg = Debug|Win32
		{46D52517-CF94-49C0-90E3-832CFA21D13D}.Debug|Mixed Platforms.Build.0 = Debug|Win32
		{46D52517-CF94-49C0-90E3-832CFA21D13D}.Debug|Win32.ActiveCfg = Debug|Win32
		{46D52517-CF94-49C0-90E3-832CFA21D13D}.Debug|Win32.Build.0 = Debug|Win32
		{46D52517-CF94-49C0-90E3-832CFA21D13D}.Debug|x64.ActiveCfg = Debug|x64
		{46D52517-CF94-49C0-90E3-832CFA21D13D}.Debug|x64.Build.0 = Debug|x64
		{46D52517-CF94-49C0-90E3-832CFA21D13D}.Release|Mixed Platforms.ActiveCfg = Release|Win32
		{46D52517-CF94-49C0-90E3-832CFA21D13D}.Release|Mixed Platforms.Build.0 = Release|Win32
		{46D52517-CF94-49C0-90E3-832CFA21D13D}.Release|Win32.ActiveCfg = Release|Win32
		{46D52517-CF94-49C0-90E3-832CFA21D13D}.Release|Win32.Build.0 = Release|Win32
		{46D52517-CF94-49C0-90E3-832CFA21D13D}.Release|x64.ActiveCfg = Release|x64
		{46D52517-CF94-49C0-90E3-832CFA21D13D}.Release|x64.Build.0 = Release|x64
		{536373B5-E6CC-47A9-8F52-00C34683D2A9}.Debug|Mixed Platforms.ActiveCfg = Debug|Win32
		{536373B5-E6CC-47A9-8F52-00C34683D2A9}.Debug|Mixed Platforms.Build.0 = Debug|Win32
		{536373B5-E6CC-47A9-8F52-00C34683D2A9}.Debug|Win32.ActiveCfg = Debug|Win32
		{536373B5-E6CC-47A9-8F52-00C34683D2A9}.Debug|Win32.Build.0 = Debug|Win32
		{536373B5-E6CC-47A9-8F52-00C34683D2A9}.Debug|x64.ActiveCfg = Debug|x64
		{536373B5-E6CC-47A9-8F52-00C34683D2A9}.Debug|x64.Build.0 = Debug|x64
		{536373B5-E6CC-47A9-8F52-00C34683D2A9}.Release|Mixed Platforms.ActiveCfg = Release|Win32
		{536373B5-E6CC-47A9-8F52-00C34683D2A9}.Release|Mixed Platforms.Build.0 = Release|Win32
		{536373B5-E6CC-47A9-8F52-00C34683D2A9}.Release|Win32.ActiveCfg = Release|Win32
		{536373B5-E6CC-47A9-8F52-00C34683D2A9}.Release|Win32.Build.0 = Release|Win32
		{536373B5-E6CC-47A9-8F52-00C34683D2A9}.Release|x64.ActiveCfg = Release|x64
		{536373B5-E6CC-47A9-8F52-00C34683D2A9}.Release|x64.Build.0 = Release|x64
		{AD968A04-D2CC-40C0-85D3-DEE6FB2FFBAC}.Debug|Mixed Platforms.ActiveCfg = Debug|Win32
		{AD968A04-D2CC-40C0-85D3-DEE6FB2FFBAC}.Debug|Mixed Platforms.Build.0 = Debug|Win32
		{AD968A04-D2CC-40C0-85D3-DEE6FB2FFBAC}.Debug|Win32.ActiveCfg = Debug|Win32
		{AD968A04-D2CC-40C0-85D3-DEE6FB2FFBAC}.Debug|Win32.Build.0 = Debug|Win32
		{AD968A04-D2CC-40C0-85D3-DEE6FB2FFBAC}.Debug|x64.ActiveCfg = Debug|x64
		{AD968A04-D2CC-40C0-85D3-DEE6FB2FFBAC}.Debug|x64.Build.0 = Debug|x64
		{AD968A04-D2CC-40C0-85D3-DEE6FB2FFBAC}.Release|Mixed Platforms.ActiveCfg = Release|Win32
		{AD968A04-D2CC-40C0-85D3-DEE6FB2FFBAC}.Release|Mixed Platforms.Build.0 = Release|Win32
		{AD968A04-D2CC-40C0-85D3-DEE6FB2FFBAC}.Release|Win32.ActiveCfg = Release|Win32
		{AD968A04-D2CC-40C0-85D3-DEE6FB2FFBAC}.Release|Win32.Build.0 = Release|Win32
		{AD968A04-D2CC-40C0-85D3-DEE6FB2FFBAC}.Release|x64.ActiveCfg = Release|x64
		{AD968A04-D2CC-40C0-85D3-DEE6FB2FFBAC}.Release|x64.Build.0 = Release|x64
		{E7E845DE-F82B-446B-877D-6FEF448F6038}.Debug|Mixed Platforms.ActiveCfg = Debug|Win32
		{E7E845DE-F82B-446B-877D-6FEF448F6038}.Debug|Mixed Platforms.Build.0 = Debug|Win32
		{E7E845DE-F82B-446B-877D-6FEF448F6038}.Debug|Win32.ActiveCfg = Debug|Win32
		{E7E845DE-F82B-446B-877D-6FEF448F6038}.Debug|Win32.Build.0 = Debug|Win32
		{E7E845DE-F82B-446B-877D-6FEF448F6038}.Debug|x64.ActiveCfg = Debug|x64
		{E7E845DE-F82B-446B-877D-6FEF448F6038}.Debug|x64.Build.0 = Debug|x64
		{E7E845DE-F82B-446B-877D-6FEF448F6038}.Release|Mixed Platforms.ActiveCfg = Release|Win32
		{E7E845DE-F82B-446B-877D-6FEF448F6038}.Release|Mixed Platforms.Build.0 = Release|Win32
		{E7E845DE-F82B-446B-877D-6FEF448F6038}.Release|Win32.ActiveCfg = Release|Win32
		{E7E845DE-F82B-446B-877D-6FEF448F6038}.Release|Win32.Build.0 = Release|Win32
		{E7E845DE-F82B-446B-877D-6FEF448F6038}.Release|x64.ActiveCfg = Release|x64
		{E7E845DE-F82B-446B-877D-6FEF448F6038}.Release|x64.Build.0 = Release|x64
		{3482FD1F-C417-41CB-93D8-46856BEF7F17}.Debug|Mixed Platforms.ActiveCfg = Debug|Win32
		{3482FD1F-C417-41CB-93D8-46856BEF7F17}.Debug|Mixed Platforms.Build.0 = Debug|Win32
		{3482FD1F-C417-41CB-93D8-46856BEF7F17}.Debug|Win32.ActiveCfg = Debug|Win32
		{3482FD1F-C417-41CB-93D8-46856BEF7F17}.Debug|Win32.Build.0 = Debug|Win32
		{3482FD1F-C417-41CB-93D8-46856BEF7F17}.Debug|x64.ActiveCfg = Debug|x64
		{3482FD1F-C417-41CB-93D8-46856BEF7F17}.Debug|x64.Build.0 = Debug|x64
		{3482FD1F-C417-41CB-93D8-46856BEF7F17}.Release|Mixed Platforms.ActiveCfg = Release|Win32
		{3482FD1F-C417-41CB-93D8-46856BEF7F17}.Release|Mixed Platforms.Build.0 = Release|Win32
		{3482FD1F-C417-41CB-93D8-46856BEF7F17}.Release|Win32.ActiveCfg = Release|Win32
		{3482FD1F-C417-41CB-93D8-46856BEF7F17}.Release|Win32.Build.0 = Release|Win32
		{3482FD1F-C417-41CB-93D8-46856BEF7F17}.Release|x64.ActiveCfg = Release|x64
		{3482FD1F-C417-41CB-93D8-46856BEF7F17}.Release|x64.Build.0 = Release|x64
		{F11ACB28-85F0-456F-BFC5-C4E174890746}.Debug|Mixed Platforms.ActiveCfg = Debug|Win32
		{F11ACB28-85F0-456F-BFC5-C4E174890746}.Debug|Mixed Platforms.Build.0 = Debug|Win32
		{F11ACB28-85F0-456F-BFC5-C4E174890746}.Debug|Win32.ActiveCfg = Debug|Win32
		{F11ACB28-85F0-456F-BFC5-C4E174890746}.Debug|Win32.Build.0 = Debug|Win32
		{F11ACB28-85F0-456F-BFC5-C4E174890746}.Debug|x64.ActiveCfg = Debug|x64
		{F11ACB28-85F0-456F-BFC5-C4E174890746}.Debug|x64.Build.0 = Debug|x64
		{F11ACB28-85F0-456F-BFC5-C4E174890746}.Release|Mixed Platforms.ActiveCfg = Release|Win32
		{F11ACB28-85F0-456F-BFC5-C4E174890746}.Release|Mixed Platforms.Build.0 = Release|Win32
		{F11ACB28-85F0-456F-BFC5-C4E174890746}.Release|Win32.ActiveCfg = Release|Win32
		{F11ACB28-85F0-456F-BFC5-C4E174890746}.Release|Win32.Build.0 = Release|Win32
		{F11ACB28-85F0-456F-BFC5-C4E174890746}.Release|x64.ActiveCfg = Release|x64
		{F11ACB28-85F0-456F-BFC5-C4E174890746}.Release|x64.Build.0 = Release|x64
		{BBD86E0C-6438-4637-903D-78ACFE5EEB83}.Debug|Mixed Platforms.ActiveCfg = Debug|Win32
		{BBD86E0C-6438-4637-903D-78ACFE5EEB83}.Debug|Mixed Platforms.Build.0 = Debug|Win32
		{BBD86E0C-6438-4637-903D-78ACFE5EEB83}.Debug|Win32.ActiveCfg = Debug|Win32
		{BBD86E0C-6438-4637-903D-78ACFE5EEB83}.Debug|Win32.Build.0 = Debug|Win32
		{BBD86E0C-6438-4637-903D-78ACFE5EEB83}.Debug|x64.ActiveCfg = Debug|x64
		{BBD86E0C-6438-4637-903D-78ACFE5EEB83}.Debug|x64.Build.0 = Debug|x64
		{BBD86E0C-6438-4637-903D-78ACFE5EEB83}.Release|Mixed Platforms.ActiveCfg = Release|Win32
		{BBD86E0C-6438-4637-903D-78ACFE5EEB83}.Release|Mixed Platforms.Build.0 = Release|Win32
		{BBD86E0C-6438-4637-903D-78ACFE5EEB83}.Release|Win32.ActiveCfg = Release|Win32
		{BBD86E0C-6438-4637-903D-78ACFE5EEB83}.Release|Win32.Build.0 = Release|Win32
		{BBD86E0C-6438-4637-903D-78ACFE5EEB83}.Release|x64.ActiveCfg = Release|x64
		{BBD86E0C-6438-4637-903D-78ACFE5EEB83}.Release|x64.Build.0 = Release|x64
		{FC6BA931-21C5-4DDF-88C3-CA9136AB8EA9}.Debug|Mixed Platforms.ActiveCfg = Debug|Win32
		{FC6BA931-21C5-4DDF-88C3-CA9136AB8EA9}.Debug|Mixed Platforms.Build.0 = Debug|Win32
		{FC6BA931-21C5-4DDF-88C3-CA9136AB8EA9}.Debug|Win32.ActiveCfg = Debug|Win32
		{FC6BA931-21C5-4DDF-88C3-CA9136AB8EA9}.Debug|Win32.Build.0 = Debug|Win32
		{FC6BA931-21C5-4DDF-88C3-CA9136AB8EA9}.Debug|x64.ActiveCfg = Debug|x64
		{FC6BA931-21C5-4DDF-88C3-CA9136AB8EA9}.Debug|x64.Build.0 = Debug|x64
		{FC6BA931-21C5-4DDF-88C3-CA9136AB8EA9}.Release|Mixed Platforms.ActiveCfg = Release|Win32
		{FC6BA931-21C5-4DDF-88C3-CA9136AB8EA9}.Release|Mixed Platforms.Build.0 = Release|Win32
		{FC6BA931-21C5-4DDF-88C3-CA9136AB8EA9}.Release|Win32.ActiveCfg = Release|Win32
		{FC6BA931-21C5-4DDF-88C3-CA9136AB8EA9}.Release|Win32.Build.0 = Release|Win32
		{FC6BA931-21C5-4DDF-88C3-CA9136AB8EA9}.Release|x64.ActiveCfg = Release|x64
		{FC6BA931-21C5-4DDF-88C3-CA9136AB8EA9}.Release|x64.Build.0 = Release|x64
		{73DE473B-0B51-4F7D-B7B9-7E0612ED8E4B}.Debug|Mixed Platforms.ActiveCfg = Debug|Win32
		{73DE473B-0B51-4F7D-B7B9-7E0612ED8E4B}.Debug|Mixed Platforms.Build.0 = Debug|Win32
		{73DE473B-0B51-4F7D-B7B9-7E0612ED8E4B}.Debug|Win32.ActiveCfg = Debug|Win32
		{73DE473B-0B51-4F7D-B7B9-7E0612ED8E4B}.Debug|Win32.Build.0 = Debug|Win32
		{73DE473B-0B51-4F7D-B7B9-7E0612ED8E4B}.Debug|x64.ActiveCfg = Debug|x64
		{73DE473B-0B51-4F7D-B7B9-7E0612ED8E4B}.Debug|x64.Build.0 = Debug|x64
		{73DE473B-0B51-4F7D-B7B9-7E0612ED8E4B}.Release|Mixed Platforms.ActiveCfg = Release|Win32
		{73DE473B-0B51-4F7D-B7B9-7E0612ED8E4B}.Release|Mixed Platforms.Build.0 = Release|Win32
		{73DE473B-0B51-4F7D-B7B9-7E0612ED8E4B}.Release|Win32.ActiveCfg = Release|Win32
		{73DE473B-0B51-4F7D-B7B9-7E0612ED8E4B}.Release|Win32.Build.0 = Release|Win32
		{73DE473B-0B51-4F7D-B7B9-7E0612ED8E4B}.Release|x64.ActiveCfg = Release|x64
		{73DE473B-0B51-4F7D-B7B9-7E0612ED8E4B}.Release|x64.Build.0 = Release|x64
		{8A56AED7-0207-4FC5-8DEB-4A008AA9918B}.Debug|Mixed Platforms.ActiveCfg = Debug|Win32
		{8A56AED7-0207-4FC5-8DEB-4A008AA9918B}.Debug|Mixed Platforms.Build.0 = Debug|Win32
		{8A56AED7-0207-4FC5-8DEB-4A008AA9918B}.Debug|Win32.ActiveCfg = Debug|Win32
		{8A56AED7-0207-4FC5-8DEB-4A008AA9918B}.Debug|Win32.Build.0 = Debug|Win32
		{8A56AED7-0207-4FC5-8DEB-4A008AA9918B}.Debug|x64.ActiveCfg = Debug|x64
		{8A56AED7-0207-4FC5-8DEB-4A008AA9918B}.Debug|x64.Build.0 = Debug|x64
		{8A56AED7-0207-4FC5-8DEB-4A008AA9918B}.Release|Mixed Platforms.ActiveCfg = Release|Win32
		{8A56AED7-0207-4FC5-8DEB-4A008AA9918B}.Release|Mixed Platforms.Build.0 = Release|Win32
		{8A56AED7-0207-4FC5-8DEB-4A008AA9918B}.Release|Win32.ActiveCfg = Release|Win32
		{8A56AED7-0207-4FC5-8DEB-4A008AA9918B}.Release|Win32.Build.0 = Release|Win32
		{8A56AED7-0207-4FC5-8DEB-4A008AA9918B}.Release|x64.ActiveCfg = Release|x64
		{8A56AED7-0207-4FC5-8DEB-4A008AA9918B}.Release|x64.Build.0 = Release|x64
		{923B6414-5033-42E6-8639-C1DDAEB414E9}.Debug|Mixed Platforms.ActiveCfg = Debug|Win32
		{923B6414-5033-42E6-8639-C1DDAEB414E9}.Debug|Mixed Platforms.Build.0 = Debug|Win32
		{923B6414-5033-42E6-8639-C1DDAEB414E9}.Debug|Win32.ActiveCfg = Debug|Win32
		{923B6414-5033-42E6-8639-C1DDAEB414E9}.Debug|Win32.Build.0 = Debug|Win32
		{923B6414-5033-42E6-8639-C1DDAEB414E9}.Debug|x64.ActiveCfg = Debug|x64
		{923B6414-5033-42E6-8639-C1DDAEB414E9}.Debug|x64.Build.0 = Debug|x64
		{923B6414-5033-42E6-8639-C1DDAEB414E9}.Release|Mixed Platforms.ActiveCfg = Release|Win32
		{923B6414-5033-42E6-8639-C1DDAEB414E9}.Release|Mixed Platforms.Build.0 = Release|Win32
		{923B6414-5033-42E6-8639-C1DDAEB414E9}.Release|Win32.ActiveCfg = Release|Win32
		{923B6414-5033-42E6-8639-C1DDAEB414E9}.Release|Win32.Build.0 = Release|Win32
		{923B6414-5033-42E6-8639-C1DDAEB414E9}.Release|x64.ActiveCfg = Release|x64
		{923B6414-5033-42E6-8639-C1DDAEB414E9}.Release|x64.Build.0 = Release|x64
		{EA50E705-5113-49E5-B105-2512EDC8DDC6}.Debug|Mixed Platforms.ActiveCfg = Debug|Win32
		{EA50E705-5113-49E5-B105-2512EDC8DDC6}.Debug|Mixed Platforms.Build.0 = Debug|Win32
		{EA50E705-5113-49E5-B105-2512EDC8DDC6}.Debug|Win32.ActiveCfg = Debug|Win32
		{EA50E705-5113-49E5-B105-2512EDC8DDC6}.Debug|Win32.Build.0 = Debug|Win32
		{EA50E705-5113-49E5-B105-2512EDC8DDC6}.Debug|x64.ActiveCfg = Debug|x64
		{EA50E705-5113-49E5-B105-2512EDC8DDC6}.Debug|x64.Build.0 = Debug|x64
		{EA50E705-5113-49E5-B105-2512EDC8DDC6}.Release|Mixed Platforms.ActiveCfg = Release|Win32
		{EA50E705-5113-49E5-B105-2512EDC8DDC6}.Release|Mixed Platforms.Build.0 = Release|Win32
		{EA50E705-5113-49E5-B105-2512EDC8DDC6}.Release|Win32.ActiveCfg = Release|Win32
		{EA50E705-5113-49E5-B105-2512EDC8DDC6}.Release|Win32.Build.0 = Release|Win32
		{EA50E705-5113-49E5-B105-2512EDC8DDC6}.Release|x64.ActiveCfg = Release|x64
		{EA50E705-5113-49E5-B105-2512EDC8DDC6}.Release|x64.Build.0 = Release|x64
		{9D14F096-F141-42FD-88E8-267EC73777BA}.Debug|Mixed Platforms.ActiveCfg = Debug|Win32
		{9D14F096-F141-42FD-88E8-267EC73777BA}.Debug|Mixed Platforms.Build.0 = Debug|Win32
		{9D14F096-F141-42FD-88E8-267EC73777BA}.Debug|Win32.ActiveCfg = Debug|Win32
		{9D14F096-F141-42FD-88E8-267EC73777BA}.Debug|Win32.Build.0 = Debug|Win32
		{9D14F096-F141-42FD-88E8-267EC73777BA}.Debug|x64.ActiveCfg = Debug|x64
		{9D14F096-F141-42FD-88E8-267EC73777BA}.Debug|x64.Build.0 = Debug|x64
		{9D14F096-F141-42FD-88E8-267EC73777BA}.Release|Mixed Platforms.ActiveCfg = Release|Win32
		{9D14F096-F141-42FD-88E8-267EC73777BA}.Release|Mixed Platforms.Build.0 = Release|Win32
		{9D14F096-F141-42FD-88E8-267EC73777BA}.Release|Win32.ActiveCfg = Release|Win32
		{9D14F096-F141-42FD-88E8-267EC73777BA}.Release|Win32.Build.0 = Release|Win32
		{9D14F096-F141-42FD-88E8-267EC73777BA}.Release|x64.ActiveCfg = Release|x64
		{9D14F096-F141-42FD-88E8-267EC73777BA}.Release|x64.Build.0 = Release|x64
		{B089A6AF-EF02-417C-9360-44F58C0A09A6}.Debug|Mixed Platforms.ActiveCfg = Debug|Win32
		{B089A6AF-EF02-417C-9360-44F58C0A09A6}.Debug|Mixed Platforms.Build.0 = Debug|Win32
		{B089A6AF-EF02-417C-9360-44F58C0A09A6}.Debug|Win32.ActiveCfg = Debug|Win32
		{B089A6AF-EF02-417C-9360-44F58C0A09A6}.Debug|Win32.Build.0 = Debug|Win32
		{B089A6AF-EF02-417C-9360-44F58C0A09A6}.Debug|x64.ActiveCfg = Debug|x64
		{B089A6AF-EF02-417C-9360-44F58C0A09A6}.Debug|x64.Build.0 = Debug|x64
		{B089A6AF-EF02-417C-9360-44F58C0A09A6}.Release|Mixed Platforms.ActiveCfg = Release|Win32
		{B089A6AF-EF02-417C-9360-44F58C0A09A6}.Release|Mixed Platforms.Build.0 = Release|Win32
		{B089A6AF-EF02-417C-9360-44F58C0A09A6}.Release|Win32.ActiveCfg = Release|Win32
		{B089A6AF-EF02-417C-9360-44F58C0A09A6}.Release|Win32.Build.0 = Release|Win32
		{B089A6AF-EF02-417C-9360-44F58C0A09A6}.Release|x64.ActiveCfg = Release|x64
		{B089A6AF-EF02-417C-9360-44F58C0A09A6}.Release|x64.Build.0 = Release|x64
		{957E8C68-D0A4-4915-985C-56A91EC451BC}.Debug|Mixed Platforms.ActiveCfg = Debug|Win32
		{957E8C68-D0A4-4915-985C-56A91EC451BC}.Debug|Mixed Platforms.Build.0 = Debug|Win32
		{957E8C68-D0A4-4915-985C-56A91EC451BC}.Debug|Win32.ActiveCfg = Debug|Win32
		{957E8C68-D0A4-4915-985C-56A91EC451BC}.Debug|Win32.Build.0 = Debug|Win32
		{957E8C68-D0A4-4915-985C-56A91EC451BC}.Debug|x64.ActiveCfg = Debug|x64
		{957E8C68-D0A4-4915-985C-56A91EC451BC}.Debug|x64.Build.0 = Debug|x64
		{957E8C68-D0A4-4915-985C-56A91EC451BC}.Release|Mixed Platforms.ActiveCfg = Release|Win32
		{957E8C68-D0A4-4915-985C-56A91EC451BC}.Release|Mixed Platforms.Build.0 = Release|Win32
		{957E8C68-D0A4-4915-985C-56A91EC451BC}.Release|Win32.ActiveCfg = Release|Win32
		{957E8C68-D0A4-4915-985C-56A91EC451BC}.Release|Win32.Build.0 = Release|Win32
		{957E8C68-D0A4-4915-985C-56A91EC451BC}.Release|x64.ActiveCfg = Release|x64
		{957E8C68-D0A4-4915-985C-56A91EC451BC}.Release|x64.Build.0 = Release|x64
		{DB9C3A3B-FA33-4EBB-B5CD-A52A9500B707}.Debug|Mixed Platforms.ActiveCfg = Debug|Win32
		{DB9C3A3B-FA33-4EBB-B5CD-A52A9500B707}.Debug|Mixed Platforms.Build.0 = Debug|Win32
		{DB9C3A3B-FA33-4EBB-B5CD-A52A9500B707}.Debug|Win32.ActiveCfg = Debug|Win32
		{DB9C3A3B-FA33-4EBB-B5CD-A52A9500B707}.Debug|Win32.Build.0 = Debug|Win32
		{DB9C3A3B-FA33-4EBB-B5CD-A52A9500B707}.Debug|x64.ActiveCfg = Debug|x64
		{DB9C3A3B-FA33-4EBB-B5CD-A52A9500B707}.Debug|x64.Build.0 = Debug|x64
		{DB9C3A3B-FA33-4EBB-B5CD-A52A9500B707}.Release|Mixed Platforms.ActiveCfg = Release|Win32
		{DB9C3A3B-FA33-4EBB-B5CD-A52A9500B707}.Release|Mixed Platforms.Build.0 = Release|Win32
		{DB9C3A3B-FA33-4EBB-B5CD-A52A9500B707}.Release|Win32.ActiveCfg = Release|Win32
		{DB9C3A3B-FA33-4EBB-B5CD-A52A9500B707}.Release|Win32.Build.0 = Release|Win32
		{DB9C3A3B-FA33-4EBB-B5CD-A52A9500B707}.Release|x64.ActiveCfg = Release|x64
		{DB9C3A3B-FA33-4EBB-B5CD-A52A9500B707}.Release|x64.Build.0 = Release|x64
		{7F461C7B-7A52-4D53-9CC2-2A41D68C7DAF}.Debug|Mixed Platforms.ActiveCfg = Debug|Win32
		{7F461C7B-7A52-4D53-9CC2-2A41D68C7DAF}.Debug|Mixed Platforms.Build.0 = Debug|Win32
		{7F461C7B-7A52-4D53-9CC2-2A41D68C7DAF}.Debug|Win32.ActiveCfg = Debug|Win32
		{7F461C7B-7A52-4D53-9CC2-2A41D68C7DAF}.Debug|Win32.Build.0 = Debug|Win32
		{7F461C7B-7A52-4D53-9CC2-2A41D68C7DAF}.Debug|x64.ActiveCfg = Debug|x64
		{7F461C7B-7A52-4D53-9CC2-2A41D68C7DAF}.Debug|x64.Build.0 = Debug|x64
		{7F461C7B-7A52-4D53-9CC2-2A41D68C7DAF}.Release|Mixed Platforms.ActiveCfg = Release|Win32
		{7F461C7B-7A52-4D53-9CC2-2A41D68C7DAF}.Release|Mixed Platforms.Build.0 = Release|Win32
		{7F461C7B-7A52-4D53-9CC2-2A41D68C7DAF}.Release|Win32.ActiveCfg = Release|Win32
		{7F461C7B-7A52-4D53-9CC2-2A41D68C7DAF}.Release|Win32.Build.0 = Release|Win32
		{7F461C7B-7A52-4D53-9CC2-2A41D68C7DAF}.Release|x64.ActiveCfg = Release|x64
		{7F461C7B-7A52-4D53-9CC2-2A41D68C7DAF}.Release|x64.Build.0 = Release|x64
		{99482630-24E1-49DB-8309-BB90C509E4DD}.Debug|Mixed Platforms.ActiveCfg = Debug|Win32
		{99482630-24E1-49DB-8309-BB90C509E4DD}.Debug|Mixed Platforms.Build.0 = Debug|Win32
		{99482630-24E1-49DB-8309-BB90C509E4DD}.Debug|Win32.ActiveCfg = Debug|Win32
		{99482630-24E1-49DB-8309-BB90C509E4DD}.Debug|Win32.Build.0 = Debug|Win32
		{99482630-24E1-49DB-8309-BB90C509E4DD}.Debug|x64.ActiveCfg = Debug|x64
		{99482630-24E1-49DB-8309-BB90C509E4DD}.Debug|x64.Build.0 = Debug|x64
		{99482630-24E1-49DB-8309-BB90C509E4DD}.Release|Mixed Platforms.ActiveCfg = Release|Win32
		{99482630-24E1-49DB-8309-BB90C509E4DD}.Release|Mixed Platforms.Build.0 = Release|Win32
		{99482630-24E1-49DB-8309-BB90C509E4DD}.Release|Win32.ActiveCfg = Release|Win32
		{99482630-24E1-49DB-8309-BB90C509E4DD}.Release|Win32.Build.0 = Release|Win32
		{99482630-24E1-49DB-8309-BB90C509E4DD}.Release|x64.ActiveCfg = Release|x64
		{99482630-24E1-49DB-8309-BB90C509E4DD}.Release|x64.Build.0 = Release|x64
		{9A82A334-6943-4431-BC1D-67B37D4A9580}.Debug|Mixed Platforms.ActiveCfg = Debug|Win32
		{9A82A334-6943-4431-BC1D-67B37D4A9580}.Debug|Mixed Platforms.Build.0 = Debug|Win32
		{9A82A334-6943-4431-BC1D-67B37D4A9580}.Debug|Win32.ActiveCfg = Debug|Win32
		{9A82A334-6943-4431-BC1D-67B37D4A9580}.Debug|Win32.Build.0 = Debug|Win32
		{9A82A334-6943-4431-BC1D-67B37D4A9580}.Debug|x64.ActiveCfg = Debug|x64
		{9A82A334-6943-4431-BC1D-67B37D4A9580}.Debug|x64.Build.0 = Debug|x64
		{9A82A334-6943-4431-BC1D-67B37D4A9580}.Release|Mixed Platforms.ActiveCfg = Release|Win32
		{9A82A334-6943-4431-BC1D-67B37D4A9580}.Release|Mixed Platforms.Build.0 = Release|Win32
		{9A82A334-6943-4431-BC1D-67B37D4A9580}.Release|Win32.ActiveCfg = Release|Win32
		{9A82A334-6943-4431-BC1D-67B37D4A9580}.Release|Win32.Build.0 = Release|Win32
		{9A82A334-6943-4431-BC1D-67B37D4A9580}.Release|x64.ActiveCfg = Release|x64
		{9A82A334-6943-4431-BC1D-67B37D4A9580}.Release|x64.Build.0 = Release|x64
		{DE80430D-EFFC-48EA-847F-F8D05570E8B8}.Debug|Mixed Platforms.ActiveCfg = Debug|Win32
		{DE80430D-EFFC-48EA-847F-F8D05570E8B8}.Debug|Mixed Platforms.Build.0 = Debug|Win32
		{DE80430D-EFFC-48EA-847F-F8D05570E8B8}.Debug|Win32.ActiveCfg = Debug|Win32
		{DE80430D-EFFC-48EA-847F-F8D05570E8B8}.Debug|Win32.Build.0 = Debug|Win32
		{DE80430D-EFFC-48EA-847F-F8D05570E8B8}.Debug|x64.ActiveCfg = Debug|x64
		{DE80430D-EFFC-48EA-847F-F8D05570E8B8}.Debug|x64.Build.0 = Debug|x64
		{DE80430D-EFFC-48EA-847F-F8D05570E8B8}.Release|Mixed Platforms.ActiveCfg = Release|Win32
		{DE80430D-EFFC-48EA-847F-F8D05570E8B8}.Release|Mixed Platforms.Build.0 = Release|Win32
		{DE80430D-EFFC-48EA-847F-F8D05570E8B8}.Release|Win32.ActiveCfg = Release|Win32
		{DE80430D-EFFC-48EA-847F-F8D05570E8B8}.Release|Win32.Build.0 = Release|Win32
		{DE80430D-EFFC-48EA-847F-F8D05570E8B8}.Release|x64.ActiveCfg = Release|x64
		{DE80430D-EFFC-48EA-847F-F8D05570E8B8}.Release|x64.Build.0 = Release|x64
		{5E5C0FAD-40CF-4245-97BF-016B6BDA1F22}.Debug|Mixed Platforms.ActiveCfg = Debug|Win32
		{5E5C0FAD-40CF-4245-97BF-016B6BDA1F22}.Debug|Mixed Platforms.Build.0 = Debug|Win32
		{5E5C0FAD-40CF-4245-97BF-016B6BDA1F22}.Debug|Win32.ActiveCfg = Debug|Win32
		{5E5C0FAD-40CF-4245-97BF-016B6BDA1F22}.Debug|Win32.Build.0 = Debug|Win32
		{5E5C0FAD-40CF-4245-97BF-016B6BDA1F22}.Debug|x64.ActiveCfg = Debug|x64
		{5E5C0FAD-40CF-4245-97BF-016B6BDA1F22}.Debug|x64.Build.0 = Debug|x64
		{5E5C0FAD-40CF-4245-97BF-016B6BDA1F22}.Release|Mixed Platforms.ActiveCfg = Release|Win32
		{5E5C0FAD-40CF-4245-97BF-016B6BDA1F22}.Release|Mixed Platforms.Build.0 = Release|Win32
		{5E5C0FAD-40CF-4245-97BF-016B6BDA1F22}.Release|Win32.ActiveCfg = Release|Win32
		{5E5C0FAD-40CF-4245-97BF-016B6BDA1F22}.Release|Win32.Build.0 = Release|Win32
		{5E5C0FAD-40CF-4245-97BF-016B6BDA1F22}.Release|x64.ActiveCfg = Release|x64
		{5E5C0FAD-40CF-4245-97BF-016B6BDA1F22}.Release|x64.Build.0 = Release|x64
		{70A25750-7EAB-41EE-864C-49C9BC63F7AA}.Debug|Mixed Platforms.ActiveCfg = Debug|Win32
		{70A25750-7EAB-41EE-864C-49C9BC63F7AA}.Debug|Mixed Platforms.Build.0 = Debug|Win32
		{70A25750-7EAB-41EE-864C-49C9BC63F7AA}.Debug|Win32.ActiveCfg = Debug|Win32
		{70A25750-7EAB-41EE-864C-49C9BC63F7AA}.Debug|Win32.Build.0 = Debug|Win32
		{70A25750-7EAB-41EE-864C-49C9BC63F7AA}.Debug|x64.ActiveCfg = Debug|x64
		{70A25750-7EAB-41EE-864C-49C9BC63F7AA}.Debug|x64.Build.0 = Debug|x64
		{70A25750-7EAB-41EE-864C-49C9BC63F7AA}.Release|Mixed Platforms.ActiveCfg = Release|Win32
		{70A25750-7EAB-41EE-864C-49C9BC63F7AA}.Release|Mixed Platforms.Build.0 = Release|Win32
		{70A25750-7EAB-41EE-864C-49C9BC63F7AA}.Release|Win32.ActiveCfg = Release|Win32
		{70A25750-7EAB-41EE-864C-49C9BC63F7AA}.Release|Win32.Build.0 = Release|Win32
		{70A25750-7EAB-41EE-864C-49C9BC63F7AA}.Release|x64.ActiveCfg = Release|x64
		{70A25750-7EAB-41EE-864C-49C9BC63F7AA}.Release|x64.Build.0 = Release|x64
		{489EC3E4-ED7D-4646-BD56-6EB4AE5491F6}.Debug|Mixed Platforms.ActiveCfg = Debug|Win32
		{489EC3E4-ED7D-4646-BD56-6EB4AE5491F6}.Debug|Mixed Platforms.Build.0 = Debug|Win32
		{489EC3E4-ED7D-4646-BD56-6EB4AE5491F6}.Debug|Win32.ActiveCfg = Debug|Win32
		{489EC3E4-ED7D-4646-BD56-6EB4AE5491F6}.Debug|Win32.Build.0 = Debug|Win32
		{489EC3E4-ED7D-4646-BD56-6EB4AE5491F6}.Debug|x64.ActiveCfg = Debug|x64
		{489EC3E4-ED7D-4646-BD56-6EB4AE5491F6}.Debug|x64.Build.0 = Debug|x64
		{489EC3E4-ED7D-4646-BD56-6EB4AE5491F6}.Release|Mixed Platforms.ActiveCfg = Release|Win32
		{489EC3E4-ED7D-4646-BD56-6EB4AE5491F6}.Release|Mixed Platforms.Build.0 = Release|Win32
		{489EC3E4-ED7D-4646-BD56-6EB4AE5491F6}.Release|Win32.ActiveCfg = Release|Win32
		{489EC3E4-ED7D-4646-BD56-6EB4AE5491F6}.Release|Win32.Build.0 = Release|Win32
		{489EC3E4-ED7D-4646-BD56-6EB4AE5491F6}.Release|x64.ActiveCfg = Release|x64
		{489EC3E4-ED7D-4646-BD56-6EB4AE5491F6}.Release|x64.Build.0 = Release|x64
		{913656F0-B7A6-4CA3-9490-864ED433246A}.Debug|Mixed Platforms.ActiveCfg = Debug|Win32
		{913656F0-B7A6-4CA3-9490-864ED433246A}.Debug|Mixed Platforms.Build.0 = Debug|Win32
		{913656F0-B7A6-4CA3-9490-864ED433246A}.Debug|Win32.ActiveCfg = Debug|Win32
		{913656F0-B7A6-4CA3-9490-864ED433246A}.Debug|Win32.Build.0 = Debug|Win32
		{913656F0-B7A6-4CA3-9490-864ED433246A}.Debug|x64.ActiveCfg = Debug|x64
		{913656F0-B7A6-4CA3-9490-864ED433246A}.Debug|x64.Build.0 = Debug|x64
		{913656F0-B7A6-4CA3-9490-864ED433246A}.Release|Mixed Platforms.ActiveCfg = Release|Win32
		{913656F0-B7A6-4CA3-9490-864ED433246A}.Release|Mixed Platforms.Build.0 = Release|Win32
		{913656F0-B7A6-4CA3-9490-864ED433246A}.Release|Win32.ActiveCfg = Release|Win32
		{913656F0-B7A6-4CA3-9490-864ED433246A}.Release|Win32.Build.0 = Release|Win32
		{913656F0-B7A6-4CA3-9490-864ED433246A}.Release|x64.ActiveCfg = Release|x64
		{913656F0-B7A6-4CA3-9490-864ED433246A}.Release|x64.Build.0 = Release|x64
		{EB4BFA4A-D7A5-4518-8BF3-B3CE9D589303}.Debug|Mixed Platforms.ActiveCfg = Debug|Win32
		{EB4BFA4A-D7A5-4518-8BF3-B3CE9D589303}.Debug|Mixed Platforms.Build.0 = Debug|Win32
		{EB4BFA4A-D7A5-4518-8BF3-B3CE9D589303}.Debug|Win32.ActiveCfg = Debug|Win32
		{EB4BFA4A-D7A5-4518-8BF3-B3CE9D589303}.Debug|Win32.Build.0 = Debug|Win32
		{EB4BFA4A-D7A5-4518-8BF3-B3CE9D589303}.Debug|x64.ActiveCfg = Debug|x64
		{EB4BFA4A-D7A5-4518-8BF3-B3CE9D589303}.Debug|x64.Build.0 = Debug|x64
		{EB4BFA4A-D7A5-4518-8BF3-B3CE9D589303}.Release|Mixed Platforms.ActiveCfg = Release|Win32
		{EB4BFA4A-D7A5-4518-8BF3-B3CE9D589303}.Release|Mixed Platforms.Build.0 = Release|Win32
		{EB4BFA4A-D7A5-4518-8BF3-B3CE9D589303}.Release|Win32.ActiveCfg = Release|Win32
		{EB4BFA4A-D7A5-4518-8BF3-B3CE9D589303}.Release|Win32.Build.0 = Release|Win32
		{EB4BFA4A-D7A5-4518-8BF3-B3CE9D589303}.Release|x64.ActiveCfg = Release|x64
		{EB4BFA4A-D7A5-4518-8BF3-B3CE9D589303}.Release|x64.Build.0 = Release|x64
		{EBFE4111-B324-4144-929E-01E41DAE575E}.Debug|Mixed Platforms.ActiveCfg = Debug|Win32
		{EBFE4111-B324-4144-929E-01E41DAE575E}.Debug|Mixed Platforms.Build.0 = Debug|Win32
		{EBFE4111-B324-4144-929E-01E41DAE575E}.Debug|Win32.ActiveCfg = Debug|Win32
		{EBFE4111-B324-4144-929E-01E41DAE575E}.Debug|Win32.Build.0 = Debug|Win32
		{EBFE4111-B324-4144-929E-01E41DAE575E}.Debug|x64.ActiveCfg = Debug|x64
		{EBFE4111-B324-4144-929E-01E41DAE575E}.Debug|x64.Build.0 = Debug|x64
		{EBFE4111-B324-4144-929E-01E41DAE575E}.Release|Mixed Platforms.ActiveCfg = Release|Win32
		{EBFE4111-B324-4144-929E-01E41DAE575E}.Release|Mixed Platforms.Build.0 = Release|Win32
		{EBFE4111-B324-4144-929E-01E41DAE575E}.Release|Win32.ActiveCfg = Release|Win32
		{EBFE4111-B324-4144-929E-01E41DAE575E}.Release|Win32.Build.0 = Release|Win32
		{EBFE4111-B324-4144-929E-01E41DAE575E}.Release|x64.ActiveCfg = Release|x64
		{EBFE4111-B324-4144-929E-01E41DAE575E}.Release|x64.Build.0 = Release|x64
		{19FAEE08-386E-42E2-AF62-A91BE5A66FBF}.Debug|Mixed Platforms.ActiveCfg = Debug|Win32
		{19FAEE08-386E-42E2-AF62-A91BE5A66FBF}.Debug|Mixed Platforms.Build.0 = Debug|Win32
		{19FAEE08-386E-42E2-AF62-A91BE5A66FBF}.Debug|Win32.ActiveCfg = Debug|Win32
		{19FAEE08-386E-42E2-AF62-A91BE5A66FBF}.Debug|Win32.Build.0 = Debug|Win32
		{19FAEE08-386E-42E2-AF62-A91BE5A66FBF}.Debug|x64.ActiveCfg = Debug|x64
		{19FAEE08-386E-42E2-AF62-A91BE5A66FBF}.Release|Mixed Platforms.ActiveCfg = Release|Win32
		{19FAEE08-386E-42E2-AF62-A91BE5A66FBF}.Release|Mixed Platforms.Build.0 = Release|Win32
		{19FAEE08-386E-42E2-AF62-A91BE5A66FBF}.Release|Win32.ActiveCfg = Release|Win32
		{19FAEE08-386E-42E2-AF62-A91BE5A66FBF}.Release|Win32.Build.0 = Release|Win32
		{19FAEE08-386E-42E2-AF62-A91BE5A66FBF}.Release|x64.ActiveCfg = Release|x64
		{4687140E-08DB-4F8D-A57A-84D95D880C37}.Debug|Mixed Platforms.ActiveCfg = Debug|Win32
		{4687140E-08DB-4F8D-A57A-84D95D880C37}.Debug|Mixed Platforms.Build.0 = Debug|Win32
		{4687140E-08DB-4F8D-A57A-84D95D880C37}.Debug|Win32.ActiveCfg = Debug|Win32
		{4687140E-08DB-4F8D-A57A-84D95D880C37}.Debug|Win32.Build.0 = Debug|Win32
		{4687140E-08DB-4F8D-A57A-84D95D880C37}.Debug|x64.ActiveCfg = Debug|x64
		{4687140E-08DB-4F8D-A57A-84D95D880C37}.Debug|x64.Build.0 = Debug|x64
		{4687140E-08DB-4F8D-A57A-84D95D880C37}.Release|Mixed Platforms.ActiveCfg = Release|Win32
		{4687140E-08DB-4F8D-A57A-84D95D880C37}.Release|Mixed Platforms.Build.0 = Release|Win32
		{4687140E-08DB-4F8D-A57A-84D95D880C37}.Release|Win32.ActiveCfg = Release|Win32
		{4687140E-08DB-4F8D-A57A-84D95D880C37}.Release|Win32.Build.0 = Release|Win32
		{4687140E-08DB-4F8D-A57A-84D95D880C37}.Release|x64.ActiveCfg = Release|x64
		{4687140E-08DB-4F8D-A57A-84D95D880C37}.Release|x64.Build.0 = Release|x64
		{3AC8132D-0702-4EDA-8C33-B8F30A09BF68}.Debug|Mixed Platforms.ActiveCfg = Debug|Win32
		{3AC8132D-0702-4EDA-8C33-B8F30A09BF68}.Debug|Mixed Platforms.Build.0 = Debug|Win32
		{3AC8132D-0702-4EDA-8C33-B8F30A09BF68}.Debug|Win32.ActiveCfg = Debug|Win32
		{3AC8132D-0702-4EDA-8C33-B8F30A09BF68}.Debug|Win32.Build.0 = Debug|Win32
		{3AC8132D-0702-4EDA-8C33-B8F30A09BF68}.Debug|x64.ActiveCfg = Debug|x64
		{3AC8132D-0702-4EDA-8C33-B8F30A09BF68}.Debug|x64.Build.0 = Debug|x64
		{3AC8132D-0702-4EDA-8C33-B8F30A09BF68}.Release|Mixed Platforms.ActiveCfg = Release|Win32
		{3AC8132D-0702-4EDA-8C33-B8F30A09BF68}.Release|Mixed Platforms.Build.0 = Release|Win32
		{3AC8132D-0702-4EDA-8C33-B8F30A09BF68}.Release|Win32.ActiveCfg = Release|Win32
		{3AC8132D-0702-4EDA-8C33-B8F30A09BF68}.Release|Win32.Build.0 = Release|Win32
		{3AC8132D-0702-4EDA-8C33-B8F30A09BF68}.Release|x64.ActiveCfg = Release|x64
		{3AC8132D-0702-4EDA-8C33-B8F30A09BF68}.Release|x64.Build.0 = Release|x64
		{B5CD721C-131E-4CED-811F-279B9D6225B7}.Debug|Mixed Platforms.ActiveCfg = Debug|Win32
		{B5CD721C-131E-4CED-811F-279B9D6225B7}.Debug|Mixed Platforms.Build.0 = Debug|Win32
		{B5CD721C-131E-4CED-811F-279B9D6225B7}.Debug|Win32.ActiveCfg = Debug|Win32
		{B5CD721C-131E-4CED-811F-279B9D6225B7}.Debug|Win32.Build.0 = Debug|Win32
		{B5CD721C-131E-4CED-811F-279B9D6225B7}.Debug|x64.ActiveCfg = Debug|x64
		{B5CD721C-131E-4CED-811F-279B9D6225B7}.Debug|x64.Build.0 = Debug|x64
		{B5CD721C-131E-4CED-811F-279B9D6225B7}.Release|Mixed Platforms.ActiveCfg = Release|Win32
		{B5CD721C-131E-4CED-811F-279B9D6225B7}.Release|Mixed Platforms.Build.0 = Release|Win32
		{B5CD721C-131E-4CED-811F-279B9D6225B7}.Release|Win32.ActiveCfg = Release|Win32
		{B5CD721C-131E-4CED-811F-279B9D6225B7}.Release|Win32.Build.0 = Release|Win32
		{B5CD721C-131E-4CED-811F-279B9D6225B7}.Release|x64.ActiveCfg = Release|x64
		{B5CD721C-131E-4CED-811F-279B9D6225B7}.Release|x64.Build.0 = Release|x64
		{9E0AA65F-F792-4349-89D8-945F3B96497B}.Debug|Mixed Platforms.ActiveCfg = Debug|Win32
		{9E0AA65F-F792-4349-89D8-945F3B96497B}.Debug|Mixed Platforms.Build.0 = Debug|Win32
		{9E0AA65F-F792-4349-89D8-945F3B96497B}.Debug|Win32.ActiveCfg = Debug|Win32
		{9E0AA65F-F792-4349-89D8-945F3B96497B}.Debug|Win32.Build.0 = Debug|Win32
		{9E0AA65F-F792-4349-89D8-945F3B96497B}.Debug|x64.ActiveCfg = Debug|x64
		{9E0AA65F-F792-4349-89D8-945F3B96497B}.Debug|x64.Build.0 = Debug|x64
		{9E0AA65F-F792-4349-89D8-945F3B96497B}.Release|Mixed Platforms.ActiveCfg = Release|Win32
		{9E0AA65F-F792-4349-89D8-945F3B96497B}.Release|Mixed Platforms.Build.0 = Release|Win32
		{9E0AA65F-F792-4349-89D8-945F3B96497B}.Release|Win32.ActiveCfg = Release|Win32
		{9E0AA65F-F792-4349-89D8-945F3B96497B}.Release|Win32.Build.0 = Release|Win32
		{9E0AA65F-F792-4349-89D8-945F3B96497B}.Release|x64.ActiveCfg = Release|x64
		{9E0AA65F-F792-4349-89D8-945F3B96497B}.Release|x64.Build.0 = Release|x64
		{7BBB8593-13C6-4F6B-A89C-49DD63C5CA8E}.Debug|Mixed Platforms.ActiveCfg = Debug|Win32
		{7BBB8593-13C6-4F6B-A89C-49DD63C5CA8E}.Debug|Mixed Platforms.Build.0 = Debug|Win32
		{7BBB8593-13C6-4F6B-A89C-49DD63C5CA8E}.Debug|Win32.ActiveCfg = Debug|Win32
		{7BBB8593-13C6-4F6B-A89C-49DD63C5CA8E}.Debug|Win32.Build.0 = Debug|Win32
		{7BBB8593-13C6-4F6B-A89C-49DD63C5CA8E}.Debug|x64.ActiveCfg = Debug|x64
		{7BBB8593-13C6-4F6B-A89C-49DD63C5CA8E}.Debug|x64.Build.0 = Debug|x64
		{7BBB8593-13C6-4F6B-A89C-49DD63C5CA8E}.Release|Mixed Platforms.ActiveCfg = Release|Win32
		{7BBB8593-13C6-4F6B-A89C-49DD63C5CA8E}.Release|Mixed Platforms.Build.0 = Release|Win32
		{7BBB8593-13C6-4F6B-A89C-49DD63C5CA8E}.Release|Win32.ActiveCfg = Release|Win32
		{7BBB8593-13C6-4F6B-A89C-49DD63C5CA8E}.Release|Win32.Build.0 = Release|Win32
		{7BBB8593-13C6-4F6B-A89C-49DD63C5CA8E}.Release|x64.ActiveCfg = Release|x64
		{7BBB8593-13C6-4F6B-A89C-49DD63C5CA8E}.Release|x64.Build.0 = Release|x64
		{04FC97F6-67AF-437A-8552-5FBE62B439E7}.Debug|Mixed Platforms.ActiveCfg = Debug|Win32
		{04FC97F6-67AF-437A-8552-5FBE62B439E7}.Debug|Mixed Platforms.Build.0 = Debug|Win32
		{04FC97F6-67AF-437A-8552-5FBE62B439E7}.Debug|Win32.ActiveCfg = Debug|Win32
		{04FC97F6-67AF-437A-8552-5FBE62B439E7}.Debug|Win32.Build.0 = Debug|Win32
		{04FC97F6-67AF-437A-8552-5FBE62B439E7}.Debug|x64.ActiveCfg = Debug|x64
		{04FC97F6-67AF-437A-8552-5FBE62B439E7}.Debug|x64.Build.0 = Debug|x64
		{04FC97F6-67AF-437A-8552-5FBE62B439E7}.Release|Mixed Platforms.ActiveCfg = Release|Win32
		{04FC97F6-67AF-437A-8552-5FBE62B439E7}.Release|Mixed Platforms.Build.0 = Release|Win32
		{04FC97F6-67AF-437A-8552-5FBE62B439E7}.Release|Win32.ActiveCfg = Release|Win32
		{04FC97F6-67AF-437A-8552-5FBE62B439E7}.Release|Win32.Build.0 = Release|Win32
		{04FC97F6-67AF-437A-8552-5FBE62B439E7}.Release|x64.ActiveCfg = Release|x64
		{04FC97F6-67AF-437A-8552-5FBE62B439E7}.Release|x64.Build.0 = Release|x64
		{EE4E8F2A-E619-407B-8F8C-7C88BFF927F4}.Debug|Mixed Platforms.ActiveCfg = Debug|Win32
		{EE4E8F2A-E619-407B-8F8C-7C88BFF927F4}.Debug|Mixed Platforms.Build.0 = Debug|Win32
		{EE4E8F2A-E619-407B-8F8C-7C88BFF927F4}.Debug|Win32.ActiveCfg = Debug|Win32
		{EE4E8F2A-E619-407B-8F8C-7C88BFF927F4}.Debug|Win32.Build.0 = Debug|Win32
		{EE4E8F2A-E619-407B-8F8C-7C88BFF927F4}.Debug|x64.ActiveCfg = Debug|x64
		{EE4E8F2A-E619-407B-8F8C-7C88BFF927F4}.Debug|x64.Build.0 = Debug|x64
		{EE4E8F2A-E619-407B-8F8C-7C88BFF927F4}.Release|Mixed Platforms.ActiveCfg = Release|Win32
		{EE4E8F2A-E619-407B-8F8C-7C88BFF927F4}.Release|Mixed Platforms.Build.0 = Release|Win32
		{EE4E8F2A-E619-407B-8F8C-7C88BFF927F4}.Release|Win32.ActiveCfg = Release|Win32
		{EE4E8F2A-E619-407B-8F8C-7C88BFF927F4}.Release|Win32.Build.0 = Release|Win32
		{EE4E8F2A-E619-407B-8F8C-7C88BFF927F4}.Release|x64.ActiveCfg = Release|x64
		{EE4E8F2A-E619-407B-8F8C-7C88BFF927F4}.Release|x64.Build.0 = Release|x64
		{A637624F-7180-4F55-903C-F810B29ED59F}.Debug|Mixed Platforms.ActiveCfg = Debug|Win32
		{A637624F-7180-4F55-903C-F810B29ED59F}.Debug|Mixed Platforms.Build.0 = Debug|Win32
		{A637624F-7180-4F55-903C-F810B29ED59F}.Debug|Win32.ActiveCfg = Debug|Win32
		{A637624F-7180-4F55-903C-F810B29ED59F}.Debug|Win32.Build.0 = Debug|Win32
		{A637624F-7180-4F55-903C-F810B29ED59F}.Debug|x64.ActiveCfg = Debug|x64
		{A637624F-7180-4F55-903C-F810B29ED59F}.Debug|x64.Build.0 = Debug|x64
		{A637624F-7180-4F55-903C-F810B29ED59F}.Release|Mixed Platforms.ActiveCfg = Release|Win32
		{A637624F-7180-4F55-903C-F810B29ED59F}.Release|Mixed Platforms.Build.0 = Release|Win32
		{A637624F-7180-4F55-903C-F810B29ED59F}.Release|Win32.ActiveCfg = Release|Win32
		{A637624F-7180-4F55-903C-F810B29ED59F}.Release|Win32.Build.0 = Release|Win32
		{A637624F-7180-4F55-903C-F810B29ED59F}.Release|x64.ActiveCfg = Release|x64
		{A637624F-7180-4F55-903C-F810B29ED59F}.Release|x64.Build.0 = Release|x64
		{C5721200-CCD8-4958-9C8A-4EA1F99EF10C}.Debug|Mixed Platforms.ActiveCfg = Debug|Win32
		{C5721200-CCD8-4958-9C8A-4EA1F99EF10C}.Debug|Mixed Platforms.Build.0 = Debug|Win32
		{C5721200-CCD8-4958-9C8A-4EA1F99EF10C}.Debug|Win32.ActiveCfg = Debug|Win32
		{C5721200-CCD8-4958-9C8A-4EA1F99EF10C}.Debug|Win32.Build.0 = Debug|Win32
		{C5721200-CCD8-4958-9C8A-4EA1F99EF10C}.Debug|x64.ActiveCfg = Debug|x64
		{C5721200-CCD8-4958-9C8A-4EA1F99EF10C}.Debug|x64.Build.0 = Debug|x64
		{C5721200-CCD8-4958-9C8A-4EA1F99EF10C}.Release|Mixed Platforms.ActiveCfg = Release|Win32
		{C5721200-CCD8-4958-9C8A-4EA1F99EF10C}.Release|Mixed Platforms.Build.0 = Release|Win32
		{C5721200-CCD8-4958-9C8A-4EA1F99EF10C}.Release|Win32.ActiveCfg = Release|Win32
		{C5721200-CCD8-4958-9C8A-4EA1F99EF10C}.Release|Win32.Build.0 = Release|Win32
		{C5721200-CCD8-4958-9C8A-4EA1F99EF10C}.Release|x64.ActiveCfg = Release|x64
		{C5721200-CCD8-4958-9C8A-4EA1F99EF10C}.Release|x64.Build.0 = Release|x64
		{D967F26C-8807-4CFD-8653-93DD6F4371C0}.Debug|Mixed Platforms.ActiveCfg = Debug|Win32
		{D967F26C-8807-4CFD-8653-93DD6F4371C0}.Debug|Mixed Platforms.Build.0 = Debug|Win32
		{D967F26C-8807-4CFD-8653-93DD6F4371C0}.Debug|Win32.ActiveCfg = Debug|Win32
		{D967F26C-8807-4CFD-8653-93DD6F4371C0}.Debug|Win32.Build.0 = Debug|Win32
		{D967F26C-8807-4CFD-8653-93DD6F4371C0}.Debug|x64.ActiveCfg = Debug|x64
		{D967F26C-8807-4CFD-8653-93DD6F4371C0}.Debug|x64.Build.0 = Debug|x64
		{D967F26C-8807-4CFD-8653-93DD6F4371C0}.Release|Mixed Platforms.ActiveCfg = Release|Win32
		{D967F26C-8807-4CFD-8653-93DD6F4371C0}.Release|Mixed Platforms.Build.0 = Release|Win32
		{D967F26C-8807-4CFD-8653-93DD6F4371C0}.Release|Win32.ActiveCfg = Release|Win32
		{D967F26C-8807-4CFD-8653-93DD6F4371C0}.Release|Win32.Build.0 = Release|Win32
		{D967F26C-8807-4CFD-8653-93DD6F4371C0}.Release|x64.ActiveCfg = Release|x64
		{D967F26C-8807-4CFD-8653-93DD6F4371C0}.Release|x64.Build.0 = Release|x64
		{E5FAF77A-D5A3-48CE-B060-25E0BEBEDD52}.Debug|Mixed Platforms.ActiveCfg = Debug|Win32
		{E5FAF77A-D5A3-48CE-B060-25E0BEBEDD52}.Debug|Mixed Platforms.Build.0 = Debug|Win32
		{E5FAF77A-D5A3-48CE-B060-25E0BEBEDD52}.Debug|Win32.ActiveCfg = Debug|Win32
		{E5FAF77A-D5A3-48CE-B060-25E0BEBEDD52}.Debug|Win32.Build.0 = Debug|Win32
		{E5FAF77A-D5A3-48CE-B060-25E0BEBEDD52}.Debug|x64.ActiveCfg = Debug|x64
		{E5FAF77A-D5A3-48CE-B060-25E0BEBEDD52}.Debug|x64.Build.0 = Debug|x64
		{E5FAF77A-D5A3-48CE-B060-25E0BEBEDD52}.Release|Mixed Platforms.ActiveCfg = Release|Win32
		{E5FAF77A-D5A3-48CE-B060-25E0BEBEDD52}.Release|Mixed Platforms.Build.0 = Release|Win32
		{E5FAF77A-D5A3-48CE-B060-25E0BEBEDD52}.Release|Win32.ActiveCfg = Release|Win32
		{E5FAF77A-D5A3-48CE-B060-25E0BEBEDD52}.Release|Win32.Build.0 = Release|Win32
		{E5FAF77A-D5A3-48CE-B060-25E0BEBEDD52}.Release|x64.ActiveCfg = Release|x64
		{E5FAF77A-D5A3-48CE-B060-25E0BEBEDD52}.Release|x64.Build.0 = Release|x64
		{31D65169-B2AA-45D2-9E8C-FCF3F43EF741}.Debug|Mixed Platforms.ActiveCfg = Debug|Win32
		{31D65169-B2AA-45D2-9E8C-FCF3F43EF741}.Debug|Mixed Platforms.Build.0 = Debug|Win32
		{31D65169-B2AA-45D2-9E8C-FCF3F43EF741}.Debug|Win32.ActiveCfg = Debug|Win32
		{31D65169-B2AA-45D2-9E8C-FCF3F43EF741}.Debug|Win32.Build.0 = Debug|Win32
		{31D65169-B2AA-45D2-9E8C-FCF3F43EF741}.Debug|x64.ActiveCfg = Debug|x64
		{31D65169-B2AA-45D2-9E8C-FCF3F43EF741}.Debug|x64.Build.0 = Debug|x64
		{31D65169-B2AA-45D2-9E8C-FCF3F43EF741}.Release|Mixed Platforms.ActiveCfg = Release|Win32
		{31D65169-B2AA-45D2-9E8C-FCF3F43EF741}.Release|Mixed Platforms.Build.0 = Release|Win32
		{31D65169-B2AA-45D2-9E8C-FCF3F43EF741}.Release|Win32.ActiveCfg = Release|Win32
		{31D65169-B2AA-45D2-9E8C-FCF3F43EF741}.Release|Win32.Build.0 = Release|Win32
		{31D65169-B2AA-45D2-9E8C-FCF3F43EF741}.Release|x64.ActiveCfg = Release|x64
		{31D65169-B2AA-45D2-9E8C-FCF3F43EF741}.Release|x64.Build.0 = Release|x64
		{D7F1E445-D2AC-49AA-B492-B3F5DA472FA9}.Debug|Mixed Platforms.ActiveCfg = Debug|Win32
		{D7F1E445-D2AC-49AA-B492-B3F5DA472FA9}.Debug|Mixed Platforms.Build.0 = Debug|Win32
		{D7F1E445-D2AC-49AA-B492-B3F5DA472FA9}.Debug|Win32.ActiveCfg = Debug|Win32
		{D7F1E445-D2AC-49AA-B492-B3F5DA472FA9}.Debug|Win32.Build.0 = Debug|Win32
		{D7F1E445-D2AC-49AA-B492-B3F5DA472FA9}.Debug|x64.ActiveCfg = Debug|x64
		{D7F1E445-D2AC-49AA-B492-B3F5DA472FA9}.Debug|x64.Build.0 = Debug|x64
		{D7F1E445-D2AC-49AA-B492-B3F5DA472FA9}.Release|Mixed Platforms.ActiveCfg = Release|Win32
		{D7F1E445-D2AC-49AA-B492-B3F5DA472FA9}.Release|Mixed Platforms.Build.0 = Release|Win32
		{D7F1E445-D2AC-49AA-B492-B3F5DA472FA9}.Release|Win32.ActiveCfg = Release|Win32
		{D7F1E445-D2AC-49AA-B492-B3F5DA472FA9}.Release|Win32.Build.0 = Release|Win32
		{D7F1E445-D2AC-49AA-B492-B3F5DA472FA9}.Release|x64.ActiveCfg = Release|x64
		{D7F1E445-D2AC-49AA-B492-B3F5DA472FA9}.Release|x64.Build.0 = Release|x64
		{A714AA1C-45A9-403D-A6E1-020E520119A2}.Debug|Mixed Platforms.ActiveCfg = Debug|Win32
		{A714AA1C-45A9-403D-A6E1-020E520119A2}.Debug|Mixed Platforms.Build.0 = Debug|Win32
		{A714AA1C-45A9-403D-A6E1-020E520119A2}.Debug|Win32.ActiveCfg = Debug|Win32
		{A714AA1C-45A9-403D-A6E1-020E520119A2}.Debug|Win32.Build.0 = Debug|Win32
		{A714AA1C-45A9-403D-A6E1-020E520119A2}.Debug|x64.ActiveCfg = Debug|x64
		{A714AA1C-45A9-403D-A6E1-020E520119A2}.Debug|x64.Build.0 = Debug|x64
		{A714AA1C-45A9-403D-A6E1-020E520119A2}.Release|Mixed Platforms.ActiveCfg = Release|Win32
		{A714AA1C-45A9-403D-A6E1-020E520119A2}.Release|Mixed Platforms.Build.0 = Release|Win32
		{A714AA1C-45A9-403D-A6E1-020E520119A2}.Release|Win32.ActiveCfg = Release|Win32
		{A714AA1C-45A9-403D-A6E1-020E520119A2}.Release|Win32.Build.0 = Release|Win32
		{A714AA1C-45A9-403D-A6E1-020E520119A2}.Release|x64.ActiveCfg = Release|x64
		{A714AA1C-45A9-403D-A6E1-020E520119A2}.Release|x64.Build.0 = Release|x64
		{5499B067-CF32-4141-A757-E0A29866994A}.Debug|Mixed Platforms.ActiveCfg = Debug|Win32
		{5499B067-CF32-4141-A757-E0A29866994A}.Debug|Mixed Platforms.Build.0 = Debug|Win32
		{5499B067-CF32-4141-A757-E0A29866994A}.Debug|Win32.ActiveCfg = Debug|Win32
		{5499B067-CF32-4141-A757-E0A29866994A}.Debug|Win32.Build.0 = Debug|Win32
		{5499B067-CF32-4141-A757-E0A29866994A}.Debug|x64.ActiveCfg = Debug|x64
		{5499B067-CF32-4141-A757-E0A29866994A}.Debug|x64.Build.0 = Debug|x64
		{5499B067-CF32-4141-A757-E0A29866994A}.Release|Mixed Platforms.ActiveCfg = Release|Win32
		{5499B067-CF32-4141-A757-E0A29866994A}.Release|Mixed Platforms.Build.0 = Release|Win32
		{5499B067-CF32-4141-A757-E0A29866994A}.Release|Win32.ActiveCfg = Release|Win32
		{5499B067-CF32-4141-A757-E0A29866994A}.Release|Win32.Build.0 = Release|Win32
		{5499B067-CF32-4141-A757-E0A29866994A}.Release|x64.ActiveCfg = Release|x64
		{5499B067-CF32-4141-A757-E0A29866994A}.Release|x64.Build.0 = Release|x64
		{28D14679-1C21-4B6E-B891-62769EDCEFFF}.Debug|Mixed Platforms.ActiveCfg = Debug|Win32
		{28D14679-1C21-4B6E-B891-62769EDCEFFF}.Debug|Mixed Platforms.Build.0 = Debug|Win32
		{28D14679-1C21-4B6E-B891-62769EDCEFFF}.Debug|Win32.ActiveCfg = Debug|Win32
		{28D14679-1C21-4B6E-B891-62769EDCEFFF}.Debug|Win32.Build.0 = Debug|Win32
		{28D14679-1C21-4B6E-B891-62769EDCEFFF}.Debug|x64.ActiveCfg = Debug|x64
		{28D14679-1C21-4B6E-B891-62769EDCEFFF}.Debug|x64.Build.0 = Debug|x64
		{28D14679-1C21-4B6E-B891-62769EDCEFFF}.Release|Mixed Platforms.ActiveCfg = Release|Win32
		{28D14679-1C21-4B6E-B891-62769EDCEFFF}.Release|Mixed Platforms.Build.0 = Release|Win32
		{28D14679-1C21-4B6E-B891-62769EDCEFFF}.Release|Win32.ActiveCfg = Release|Win32
		{28D14679-1C21-4B6E-B891-62769EDCEFFF}.Release|Win32.Build.0 = Release|Win32
		{28D14679-1C21-4B6E-B891-62769EDCEFFF}.Release|x64.ActiveCfg = Release|x64
		{28D14679-1C21-4B6E-B891-62769EDCEFFF}.Release|x64.Build.0 = Release|x64
		{D122C032-DC5D-3DD2-A2B7-E8ECF7A7186A}.Debug|Mixed Platforms.ActiveCfg = Debug|x64
		{D122C032-DC5D-3DD2-A2B7-E8ECF7A7186A}.Debug|Mixed Platforms.Build.0 = Debug|x64
		{D122C032-DC5D-3DD2-A2B7-E8ECF7A7186A}.Debug|Win32.ActiveCfg = Debug|x64
		{D122C032-DC5D-3DD2-A2B7-E8ECF7A7186A}.Debug|x64.ActiveCfg = Debug|x64
		{D122C032-DC5D-3DD2-A2B7-E8ECF7A7186A}.Debug|x64.Build.0 = Debug|x64
		{D122C032-DC5D-3DD2-A2B7-E8ECF7A7186A}.Release|Mixed Platforms.ActiveCfg = Release|x64
		{D122C032-DC5D-3DD2-A2B7-E8ECF7A7186A}.Release|Mixed Platforms.Build.0 = Release|x64
		{D122C032-DC5D-3DD2-A2B7-E8ECF7A7186A}.Release|Win32.ActiveCfg = Release|x64
		{D122C032-DC5D-3DD2-A2B7-E8ECF7A7186A}.Release|x64.ActiveCfg = Release|x64
		{D122C032-DC5D-3DD2-A2B7-E8ECF7A7186A}.Release|x64.Build.0 = Release|x64
		{8628FC2A-B121-30BA-80FC-1D0242A4A007}.Debug|Mixed Platforms.ActiveCfg = Debug|x64
		{8628FC2A-B121-30BA-80FC-1D0242A4A007}.Debug|Mixed Platforms.Build.0 = Debug|x64
		{8628FC2A-B121-30BA-80FC-1D0242A4A007}.Debug|Win32.ActiveCfg = Debug|x64
		{8628FC2A-B121-30BA-80FC-1D0242A4A007}.Debug|x64.ActiveCfg = Debug|x64
		{8628FC2A-B121-30BA-80FC-1D0242A4A007}.Debug|x64.Build.0 = Debug|x64
		{8628FC2A-B121-30BA-80FC-1D0242A4A007}.Release|Mixed Platforms.ActiveCfg = Release|x64
		{8628FC2A-B121-30BA-80FC-1D0242A4A007}.Release|Mixed Platforms.Build.0 = Release|x64
		{8628FC2A-B121-30BA-80FC-1D0242A4A007}.Release|Win32.ActiveCfg = Release|x64
		{8628FC2A-B121-30BA-80FC-1D0242A4A007}.Release|x64.ActiveCfg = Release|x64
		{8628FC2A-B121-30BA-80FC-1D0242A4A007}.Release|x64.Build.0 = Release|x64
		{FB3BE9B7-5B1F-3D11-B5B0-FBB423F7D393}.Debug|Mixed Platforms.ActiveCfg = Debug|x64
		{FB3BE9B7-5B1F-3D11-B5B0-FBB423F7D393}.Debug|Mixed Platforms.Build.0 = Debug|x64
		{FB3BE9B7-5B1F-3D11-B5B0-FBB423F7D393}.Debug|Win32.ActiveCfg = Debug|x64
		{FB3BE9B7-5B1F-3D11-B5B0-FBB423F7D393}.Debug|x64.ActiveCfg = Debug|x64
		{FB3BE9B7-5B1F-3D11-B5B0-FBB423F7D393}.Debug|x64.Build.0 = Debug|x64
		{FB3BE9B7-5B1F-3D11-B5B0-FBB423F7D393}.Release|Mixed Platforms.ActiveCfg = Release|x64
		{FB3BE9B7-5B1F-3D11-B5B0-FBB423F7D393}.Release|Mixed Platforms.Build.0 = Release|x64
		{FB3BE9B7-5B1F-3D11-B5B0-FBB423F7D393}.Release|Win32.ActiveCfg = Release|x64
		{FB3BE9B7-5B1F-3D11-B5B0-FBB423F7D393}.Release|x64.ActiveCfg = Release|x64
		{FB3BE9B7-5B1F-3D11-B5B0-FBB423F7D393}.Release|x64.Build.0 = Release|x64
		{40C9F5C0-9B85-4D35-90F9-E13DA268E08B}.Debug|Mixed Platforms.ActiveCfg = Debug|Win32
		{40C9F5C0-9B85-4D35-90F9-E13DA268E08B}.Debug|Mixed Platforms.Build.0 = Debug|Win32
		{40C9F5C0-9B85-4D35-90F9-E13DA268E08B}.Debug|Win32.ActiveCfg = Debug|Win32
		{40C9F5C0-9B85-4D35-90F9-E13DA268E08B}.Debug|Win32.Build.0 = Debug|Win32
		{40C9F5C0-9B85-4D35-90F9-E13DA268E08B}.Debug|x64.ActiveCfg = Debug|x64
		{40C9F5C0-9B85-4D35-90F9-E13DA268E08B}.Debug|x64.Build.0 = Debug|x64
		{40C9F5C0-9B85-4D35-90F9-E13DA268E08B}.Release|Mixed Platforms.ActiveCfg = Release|Win32
		{40C9F5C0-9B85-4D35-90F9-E13DA268E08B}.Release|Mixed Platforms.Build.0 = Release|Win32
		{40C9F5C0-9B85-4D35-90F9-E13DA268E08B}.Release|Win32.ActiveCfg = Release|Win32
		{40C9F5C0-9B85-4D35-90F9-E13DA268E08B}.Release|Win32.Build.0 = Release|Win32
		{40C9F5C0-9B85-4D35-90F9-E13DA268E08B}.Release|x64.ActiveCfg = Release|x64
		{40C9F5C0-9B85-4D35-90F9-E13DA268E08B}.Release|x64.Build.0 = Release|x64
	EndGlobalSection
	GlobalSection(SolutionProperties) = preSolution
		HideSolutionNode = FALSE
	EndGlobalSection
	GlobalSection(NestedProjects) = preSolution
		{9F4C8B2C-EA87-42DD-874F-D607F5443471} = {24EAE59C-1779-4D00-8819-415B4A41868E}
		{1850E1D3-CCD3-45DE-96DB-23F398B10DC5} = {24EAE59C-1779-4D00-8819-415B4A41868E}
		{E32C66DF-A149-4F9D-BC5F-782C49AC79F0} = {24EAE59C-1779-4D00-8819-415B4A41868E}
		{0800F0D8-6E70-4870-A3A7-6728F9F738B0} = {24EAE59C-1779-4D00-8819-415B4A41868E}
		{98653A2F-7624-4688-A031-3CEA328A5ABA} = {24EAE59C-1779-4D00-8819-415B4A41868E}
		{09E2581D-A2ED-46DE-A433-07C1EF37CDC1} = {24EAE59C-1779-4D00-8819-415B4A41868E}
		{46D52517-CF94-49C0-90E3-832CFA21D13D} = {24EAE59C-1779-4D00-8819-415B4A41868E}
		{1A5C1CC4-9FE3-496C-9856-D269B05C278E} = {24EAE59C-1779-4D00-8819-415B4A41868E}
		{536373B5-E6CC-47A9-8F52-00C34683D2A9} = {24EAE59C-1779-4D00-8819-415B4A41868E}
		{AD968A04-D2CC-40C0-85D3-DEE6FB2FFBAC} = {24EAE59C-1779-4D00-8819-415B4A41868E}
		{E7E845DE-F82B-446B-877D-6FEF448F6038} = {24EAE59C-1779-4D00-8819-415B4A41868E}
		{3482FD1F-C417-41CB-93D8-46856BEF7F17} = {24EAE59C-1779-4D00-8819-415B4A41868E}
		{F11ACB28-85F0-456F-BFC5-C4E174890746} = {24EAE59C-1779-4D00-8819-415B4A41868E}
		{BBD86E0C-6438-4637-903D-78ACFE5EEB83} = {24EAE59C-1779-4D00-8819-415B4A41868E}
		{FC6BA931-21C5-4DDF-88C3-CA9136AB8EA9} = {24EAE59C-1779-4D00-8819-415B4A41868E}
		{73DE473B-0B51-4F7D-B7B9-7E0612ED8E4B} = {24EAE59C-1779-4D00-8819-415B4A41868E}
		{8A56AED7-0207-4FC5-8DEB-4A008AA9918B} = {24EAE59C-1779-4D00-8819-415B4A41868E}
		{923B6414-5033-42E6-8639-C1DDAEB414E9} = {24EAE59C-1779-4D00-8819-415B4A41868E}
		{EA50E705-5113-49E5-B105-2512EDC8DDC6} = {AEF119EB-E8D2-4FC8-87DF-A818B128D5E0}
		{9D14F096-F141-42FD-88E8-267EC73777BA} = {24EAE59C-1779-4D00-8819-415B4A41868E}
		{B089A6AF-EF02-417C-9360-44F58C0A09A6} = {24EAE59C-1779-4D00-8819-415B4A41868E}
		{957E8C68-D0A4-4915-985C-56A91EC451BC} = {24EAE59C-1779-4D00-8819-415B4A41868E}
		{DB9C3A3B-FA33-4EBB-B5CD-A52A9500B707} = {24EAE59C-1779-4D00-8819-415B4A41868E}
		{7F461C7B-7A52-4D53-9CC2-2A41D68C7DAF} = {24EAE59C-1779-4D00-8819-415B4A41868E}
		{99482630-24E1-49DB-8309-BB90C509E4DD} = {24EAE59C-1779-4D00-8819-415B4A41868E}
		{9A82A334-6943-4431-BC1D-67B37D4A9580} = {24EAE59C-1779-4D00-8819-415B4A41868E}
		{DE80430D-EFFC-48EA-847F-F8D05570E8B8} = {24EAE59C-1779-4D00-8819-415B4A41868E}
		{5E5C0FAD-40CF-4245-97BF-016B6BDA1F22} = {24EAE59C-1779-4D00-8819-415B4A41868E}
		{70A25750-7EAB-41EE-864C-49C9BC63F7AA} = {24EAE59C-1779-4D00-8819-415B4A41868E}
		{489EC3E4-ED7D-4646-BD56-6EB4AE5491F6} = {24EAE59C-1779-4D00-8819-415B4A41868E}
		{913656F0-B7A6-4CA3-9490-864ED433246A} = {24EAE59C-1779-4D00-8819-415B4A41868E}
		{EB4BFA4A-D7A5-4518-8BF3-B3CE9D589303} = {24EAE59C-1779-4D00-8819-415B4A41868E}
		{EBFE4111-B324-4144-929E-01E41DAE575E} = {24EAE59C-1779-4D00-8819-415B4A41868E}
		{19FAEE08-386E-42E2-AF62-A91BE5A66FBF} = {C14291D8-7D09-49F4-9D35-ED370CEFA893}
		{4687140E-08DB-4F8D-A57A-84D95D880C37} = {24EAE59C-1779-4D00-8819-415B4A41868E}
		{3AC8132D-0702-4EDA-8C33-B8F30A09BF68} = {24EAE59C-1779-4D00-8819-415B4A41868E}
		{B5CD721C-131E-4CED-811F-279B9D6225B7} = {24EAE59C-1779-4D00-8819-415B4A41868E}
		{9E0AA65F-F792-4349-89D8-945F3B96497B} = {24EAE59C-1779-4D00-8819-415B4A41868E}
		{7BBB8593-13C6-4F6B-A89C-49DD63C5CA8E} = {24EAE59C-1779-4D00-8819-415B4A41868E}
		{5CB0B469-1E60-474A-92D6-3D4F8041E571} = {526A4A9A-A338-4CAE-BC55-3A8479A67E33}
		{04FC97F6-67AF-437A-8552-5FBE62B439E7} = {24EAE59C-1779-4D00-8819-415B4A41868E}
		{EE4E8F2A-E619-407B-8F8C-7C88BFF927F4} = {24EAE59C-1779-4D00-8819-415B4A41868E}
		{A637624F-7180-4F55-903C-F810B29ED59F} = {24EAE59C-1779-4D00-8819-415B4A41868E}
		{C5721200-CCD8-4958-9C8A-4EA1F99EF10C} = {24EAE59C-1779-4D00-8819-415B4A41868E}
		{DCE87CD9-B13B-4D53-B81F-67DC2E5BE5FD} = {1A5C1CC4-9FE3-496C-9856-D269B05C278E}
		{7F74C7DF-1E26-448B-9952-31463567B8A3} = {1A5C1CC4-9FE3-496C-9856-D269B05C278E}
		{D967F26C-8807-4CFD-8653-93DD6F4371C0} = {24EAE59C-1779-4D00-8819-415B4A41868E}
		{E5FAF77A-D5A3-48CE-B060-25E0BEBEDD52} = {24EAE59C-1779-4D00-8819-415B4A41868E}
		{31D65169-B2AA-45D2-9E8C-FCF3F43EF741} = {24EAE59C-1779-4D00-8819-415B4A41868E}
		{320225F3-3FE0-4B4C-B355-1196FFEEBD9A} = {526A4A9A-A338-4CAE-BC55-3A8479A67E33}
		{D7F1E445-D2AC-49AA-B492-B3F5DA472FA9} = {24EAE59C-1779-4D00-8819-415B4A41868E}
		{A714AA1C-45A9-403D-A6E1-020E520119A2} = {AEF119EB-E8D2-4FC8-87DF-A818B128D5E0}
		{5499B067-CF32-4141-A757-E0A29866994A} = {AEF119EB-E8D2-4FC8-87DF-A818B128D5E0}
		{28D14679-1C21-4B6E-B891-62769EDCEFFF} = {AEF119EB-E8D2-4FC8-87DF-A818B128D5E0}
		{D122C032-DC5D-3DD2-A2B7-E8ECF7A7186A} = {AEF119EB-E8D2-4FC8-87DF-A818B128D5E0}
		{8628FC2A-B121-30BA-80FC-1D0242A4A007} = {AEF119EB-E8D2-4FC8-87DF-A818B128D5E0}
		{FB3BE9B7-5B1F-3D11-B5B0-FBB423F7D393} = {AEF119EB-E8D2-4FC8-87DF-A818B128D5E0}
		{40C9F5C0-9B85-4D35-90F9-E13DA268E08B} = {24EAE59C-1779-4D00-8819-415B4A41868E}
	EndGlobalSection
	GlobalSection(ExtensibilityGlobals) = postSolution
		SolutionGuid = {C05D074B-A148-477D-8D8B-145B090FAD2E}
	EndGlobalSection
EndGlobal
