<?xml version="1.0" encoding="utf-8"?>
<Project ToolsVersion="4.0" xmlns="http://schemas.microsoft.com/developer/msbuild/2003">
  <ItemGroup>
    <Filter Include="Source Files">
      <UniqueIdentifier>{4FC737F1-C7A5-4376-A066-2A32D752A2FF}</UniqueIdentifier>
      <Extensions>cpp;c;cc;cxx;def;odl;idl;hpj;bat;asm;asmx</Extensions>
    </Filter>
    <Filter Include="Header Files">
      <UniqueIdentifier>{93995380-89BD-4b04-88EB-625FBE52EBFB}</UniqueIdentifier>
      <Extensions>h;hh;hpp;hxx;hm;inl;inc;xsd</Extensions>
    </Filter>
    <Filter Include="Resource Files">
      <UniqueIdentifier>{67DA6AB6-F800-4c08-8B7A-83BB121AAD01}</UniqueIdentifier>
      <Extensions>rc;ico;cur;bmp;dlg;rc2;rct;bin;rgs;gif;jpg;jpeg;jpe;resx;tiff;tif;png;wav;mfcribbon-ms</Extensions>
    </Filter>
    <Filter Include="xgl">
      <UniqueIdentifier>{4cbb1738-b7f9-42df-84e0-6b0d484f2ea0}</UniqueIdentifier>
    </Filter>
    <Filter Include="xgl\Header Files">
      <UniqueIdentifier>{a7ec91cd-caca-4c35-b482-039a3088c892}</UniqueIdentifier>
    </Filter>
    <Filter Include="xgl\Source Files">
      <UniqueIdentifier>{014303e8-b333-40aa-89ae-157230da1ea7}</UniqueIdentifier>
    </Filter>
    <Filter Include="soil">
      <UniqueIdentifier>{b3246d5c-2277-4ae3-b74f-c1f2d707d3d0}</UniqueIdentifier>
    </Filter>
    <Filter Include="soil\Source Files">
      <UniqueIdentifier>{7d2a847b-7b3b-4a80-a609-46538f85332b}</UniqueIdentifier>
    </Filter>
    <Filter Include="soil\Header Files">
      <UniqueIdentifier>{7886dd52-f20b-46f2-b715-0abb4b2fd6b2}</UniqueIdentifier>
    </Filter>
    <Filter Include="xav">
      <UniqueIdentifier>{afb52064-5bc5-4a92-b214-05b0d77de59a}</UniqueIdentifier>
    </Filter>
    <Filter Include="xav\Header Files">
      <UniqueIdentifier>{5b9eff41-673c-4e7e-bced-a57770dbd0e9}</UniqueIdentifier>
    </Filter>
    <Filter Include="xav\Source Files">
      <UniqueIdentifier>{da9e6da1-2a12-403a-88bb-c076ed1d0c37}</UniqueIdentifier>
    </Filter>
    <Filter Include="xal">
      <UniqueIdentifier>{f527757e-5496-4f75-8c7c-ac58b083cd62}</UniqueIdentifier>
    </Filter>
    <Filter Include="xal\Source Files">
      <UniqueIdentifier>{35a3b228-9fd9-4b70-8474-5eab6d6bc090}</UniqueIdentifier>
    </Filter>
    <Filter Include="xal\Header Files">
      <UniqueIdentifier>{9033637e-c032-4bd4-b443-9f41f75082e7}</UniqueIdentifier>
    </Filter>
    <Filter Include="xphy">
      <UniqueIdentifier>{98f13312-67ac-4e04-b9ce-7a051ee16315}</UniqueIdentifier>
    </Filter>
    <Filter Include="xphy\Header Files">
      <UniqueIdentifier>{1e4b55b8-b702-4636-8ae4-4cad96f34ee2}</UniqueIdentifier>
    </Filter>
    <Filter Include="xphy\Source Files">
      <UniqueIdentifier>{b98d8333-ee70-4626-b6b2-85fa2392fab4}</UniqueIdentifier>
    </Filter>
    <Filter Include="NuclexTimer">
      <UniqueIdentifier>{3ec429a7-30eb-4fc4-863d-56fc693f364f}</UniqueIdentifier>
    </Filter>
    <Filter Include="NuclexTimer\Source Files">
      <UniqueIdentifier>{3a9069e1-dfcf-4151-b5b7-25c48e6728f4}</UniqueIdentifier>
    </Filter>
    <Filter Include="NuclexTimer\Header Files">
      <UniqueIdentifier>{e5839538-6589-4764-9350-4478dc8df7fd}</UniqueIdentifier>
    </Filter>
    <Filter Include="xgl\Source Files\imgui">
      <UniqueIdentifier>{35ecff48-dde1-4285-9540-3597cbd52a61}</UniqueIdentifier>
    </Filter>
    <Filter Include="xgl\Header Files\imgui">
      <UniqueIdentifier>{e603856f-ff10-483c-be89-ecd548756287}</UniqueIdentifier>
    </Filter>
  </ItemGroup>
  <ItemGroup>
    <Text Include="ReadMe.txt" />
    <Text Include="xgl\ReadMe.txt">
      <Filter>xgl</Filter>
    </Text>
  </ItemGroup>
  <ItemGroup>
    <ClInclude Include="xthread.h">
      <Filter>Header Files</Filter>
    </ClInclude>
    <ClInclude Include="xutils.h">
      <Filter>Header Files</Filter>
    </ClInclude>
    <ClInclude Include="xgl\glew.h">
      <Filter>xgl\Header Files</Filter>
    </ClInclude>
    <ClInclude Include="xgl\glxew.h">
      <Filter>xgl\Header Files</Filter>
    </ClInclude>
    <ClInclude Include="xgl\wglew.h">
      <Filter>xgl\Header Files</Filter>
    </ClInclude>
    <ClInclude Include="xgl\xgl.h">
      <Filter>xgl\Header Files</Filter>
    </ClInclude>
    <ClInclude Include="xgl\xglbuffer.h">
      <Filter>xgl\Header Files</Filter>
    </ClInclude>
    <ClInclude Include="xgl\xglcamera.h">
      <Filter>xgl\Header Files</Filter>
    </ClInclude>
    <ClInclude Include="xgl\xglexcept.h">
      <Filter>xgl\Header Files</Filter>
    </ClInclude>
    <ClInclude Include="xgl\xglfont.h">
      <Filter>xgl\Header Files</Filter>
    </ClInclude>
    <ClInclude Include="xgl\xgllight.h">
      <Filter>xgl\Header Files</Filter>
    </ClInclude>
    <ClInclude Include="xgl\xglmaterial.h">
      <Filter>xgl\Header Files</Filter>
    </ClInclude>
    <ClInclude Include="xgl\xglprimitives.h">
      <Filter>xgl\Header Files</Filter>
    </ClInclude>
    <ClInclude Include="xgl\xglprojector.h">
      <Filter>xgl\Header Files</Filter>
    </ClInclude>
    <ClInclude Include="xgl\xglshader.h">
      <Filter>xgl\Header Files</Filter>
    </ClInclude>
    <ClInclude Include="xgl\xglshapes.h">
      <Filter>xgl\Header Files</Filter>
    </ClInclude>
    <ClInclude Include="xgl\xgluniform.h">
      <Filter>xgl\Header Files</Filter>
    </ClInclude>
    <ClInclude Include="xconfig.h">
      <Filter>Header Files</Filter>
    </ClInclude>
    <ClInclude Include="3rdParty\soil\src\image_DXT.h">
      <Filter>soil\Header Files</Filter>
    </ClInclude>
    <ClInclude Include="3rdParty\soil\src\image_helper.h">
      <Filter>soil\Header Files</Filter>
    </ClInclude>
    <ClInclude Include="3rdParty\soil\src\SOIL.h">
      <Filter>soil\Header Files</Filter>
    </ClInclude>
    <ClInclude Include="3rdParty\soil\src\stb_image_aug.h">
      <Filter>soil\Header Files</Filter>
    </ClInclude>
    <ClInclude Include="3rdParty\soil\src\stbi_DDS_aug.h">
      <Filter>soil\Header Files</Filter>
    </ClInclude>
    <ClInclude Include="3rdParty\soil\src\stbi_DDS_aug_c.h">
      <Filter>soil\Header Files</Filter>
    </ClInclude>
    <ClInclude Include="xinput.h">
      <Filter>Header Files</Filter>
    </ClInclude>
    <ClInclude Include="xcircularbuffer.h">
      <Filter>Header Files</Filter>
    </ClInclude>
    <ClInclude Include="xfifo.h">
      <Filter>Header Files</Filter>
    </ClInclude>
    <ClInclude Include="xav\xavsrc.h">
      <Filter>xav\Header Files</Filter>
    </ClInclude>
    <ClInclude Include="xav\xavfile.h">
      <Filter>xav\Header Files</Filter>
    </ClInclude>
    <ClInclude Include="xav\xav.h">
      <Filter>xav\Header Files</Filter>
    </ClInclude>
    <ClInclude Include="xgl\xglframebuffer.h">
      <Filter>xgl\Header Files</Filter>
    </ClInclude>
    <ClInclude Include="xshmem.h">
      <Filter>Header Files</Filter>
    </ClInclude>
    <ClInclude Include="xal\xal.h">
      <Filter>xal\Header Files</Filter>
    </ClInclude>
    <ClInclude Include="JSON.h">
      <Filter>Header Files</Filter>
    </ClInclude>
    <ClInclude Include="JSONValue.h">
      <Filter>Header Files</Filter>
    </ClInclude>
    <ClInclude Include="xassets.h">
      <Filter>Header Files</Filter>
    </ClInclude>
    <ClInclude Include="xgl\xglworldcursor.h">
      <Filter>xgl\Header Files</Filter>
    </ClInclude>
    <ClInclude Include="xgl\xglpixelbuffer.h">
      <Filter>xgl\Header Files</Filter>
    </ClInclude>
    <ClInclude Include="xav\xavenc.h">
      <Filter>xav\Header Files</Filter>
    </ClInclude>
    <ClInclude Include="socket.h">
      <Filter>Header Files</Filter>
    </ClInclude>
    <ClInclude Include="xtimer.h">
      <Filter>Header Files</Filter>
    </ClInclude>
    <ClInclude Include="xgl\xglgui.h">
      <Filter>xgl\Header Files</Filter>
    </ClInclude>
    <ClInclude Include="xuart.h">
      <Filter>Header Files</Filter>
    </ClInclude>
    <ClInclude Include="xclasses.h">
      <Filter>Header Files</Filter>
    </ClInclude>
    <ClInclude Include="xobject.h">
      <Filter>Header Files</Filter>
    </ClInclude>
    <ClInclude Include="xuartascii.h">
      <Filter>Header Files</Filter>
    </ClInclude>
    <ClInclude Include="xftdi.h">
      <Filter>Header Files</Filter>
    </ClInclude>
    <ClInclude Include="xmavlink.h">
      <Filter>Header Files</Filter>
    </ClInclude>
    <ClInclude Include="xmqtt.h">
      <Filter>Header Files</Filter>
    </ClInclude>
    <ClInclude Include="xglew.h">
      <Filter>xgl\Header Files</Filter>
    </ClInclude>
    <ClInclude Include="xgl\xglhmd.h">
      <Filter>xgl\Header Files</Filter>
    </ClInclude>
    <ClInclude Include="xgl\GLAppUtil.h">
      <Filter>xgl\Header Files</Filter>
    </ClInclude>
    <ClInclude Include="xphy\xphybody.h">
      <Filter>xphy\Header Files</Filter>
    </ClInclude>
    <ClInclude Include="xphy\xphy.h">
      <Filter>xphy\Header Files</Filter>
    </ClInclude>
    <ClInclude Include="3rdParty\NuclexTimer\Include\Timing\Clock.h">
      <Filter>NuclexTimer\Header Files</Filter>
    </ClInclude>
    <ClInclude Include="3rdParty\NuclexTimer\Include\Timing\GameTime.h">
      <Filter>NuclexTimer\Header Files</Filter>
    </ClInclude>
    <ClInclude Include="3rdParty\NuclexTimer\Include\Timing\ManualClock.h">
      <Filter>NuclexTimer\Header Files</Filter>
    </ClInclude>
    <ClInclude Include="3rdParty\NuclexTimer\Include\Timing\ScaledTimer.h">
      <Filter>NuclexTimer\Header Files</Filter>
    </ClInclude>
    <ClInclude Include="3rdParty\NuclexTimer\Include\Timing\SteppedTimer.h">
      <Filter>NuclexTimer\Header Files</Filter>
    </ClInclude>
    <ClInclude Include="3rdParty\NuclexTimer\Include\Timing\Timer.h">
      <Filter>NuclexTimer\Header Files</Filter>
    </ClInclude>
    <ClInclude Include="3rdParty\NuclexTimer\Include\Timing\WindowsClock.h">
      <Filter>NuclexTimer\Header Files</Filter>
    </ClInclude>
    <ClInclude Include="xgl\xglpixelformat.h">
      <Filter>xgl\Header Files</Filter>
    </ClInclude>
    <ClInclude Include="3rdParty\imgui\imconfig.h">
      <Filter>xgl\Header Files\imgui</Filter>
    </ClInclude>
    <ClInclude Include="3rdParty\imgui\imgui.h">
      <Filter>xgl\Header Files\imgui</Filter>
    </ClInclude>
    <ClInclude Include="3rdParty\imgui\imgui_internal.h">
      <Filter>xgl\Header Files\imgui</Filter>
    </ClInclude>
    <ClInclude Include="3rdParty\imgui\imstb_rectpack.h">
      <Filter>xgl\Header Files\imgui</Filter>
    </ClInclude>
    <ClInclude Include="3rdParty\imgui\imstb_textedit.h">
      <Filter>xgl\Header Files\imgui</Filter>
    </ClInclude>
    <ClInclude Include="3rdParty\imgui\imstb_truetype.h">
      <Filter>xgl\Header Files\imgui</Filter>
    </ClInclude>
    <ClInclude Include="3rdParty\imgui\examples\imgui_impl_allegro5.h">
      <Filter>xgl\Header Files\imgui</Filter>
    </ClInclude>
    <ClInclude Include="3rdParty\imgui\examples\imgui_impl_dx9.h">
      <Filter>xgl\Header Files\imgui</Filter>
    </ClInclude>
    <ClInclude Include="3rdParty\imgui\examples\imgui_impl_dx10.h">
      <Filter>xgl\Header Files\imgui</Filter>
    </ClInclude>
    <ClInclude Include="3rdParty\imgui\examples\imgui_impl_dx11.h">
      <Filter>xgl\Header Files\imgui</Filter>
    </ClInclude>
    <ClInclude Include="3rdParty\imgui\examples\imgui_impl_dx12.h">
      <Filter>xgl\Header Files\imgui</Filter>
    </ClInclude>
    <ClInclude Include="3rdParty\imgui\examples\imgui_impl_glfw.h">
      <Filter>xgl\Header Files\imgui</Filter>
    </ClInclude>
    <ClInclude Include="3rdParty\imgui\examples\imgui_impl_glut.h">
      <Filter>xgl\Header Files\imgui</Filter>
    </ClInclude>
    <ClInclude Include="3rdParty\imgui\examples\imgui_impl_marmalade.h">
      <Filter>xgl\Header Files\imgui</Filter>
    </ClInclude>
    <ClInclude Include="3rdParty\imgui\examples\imgui_impl_metal.h">
      <Filter>xgl\Header Files\imgui</Filter>
    </ClInclude>
    <ClInclude Include="3rdParty\imgui\examples\imgui_impl_opengl2.h">
      <Filter>xgl\Header Files\imgui</Filter>
    </ClInclude>
    <ClInclude Include="3rdParty\imgui\examples\imgui_impl_opengl3.h">
      <Filter>xgl\Header Files\imgui</Filter>
    </ClInclude>
    <ClInclude Include="3rdParty\imgui\examples\imgui_impl_osx.h">
      <Filter>xgl\Header Files\imgui</Filter>
    </ClInclude>
    <ClInclude Include="3rdParty\imgui\examples\imgui_impl_sdl.h">
      <Filter>xgl\Header Files\imgui</Filter>
    </ClInclude>
    <ClInclude Include="3rdParty\imgui\examples\imgui_impl_vulkan.h">
      <Filter>xgl\Header Files\imgui</Filter>
    </ClInclude>
    <ClInclude Include="3rdParty\imgui\examples\imgui_impl_win32.h">
      <Filter>xgl\Header Files\imgui</Filter>
    </ClInclude>
    <ClInclude Include="xgl\xglimgui.h">
      <Filter>xgl</Filter>
    </ClInclude>
    <ClInclude Include="3rdParty\imgui\misc\freetype\imgui_freetype.h">
      <Filter>xgl\Header Files\imgui</Filter>
    </ClInclude>
  </ItemGroup>
  <ItemGroup>
    <ClCompile Include="xgl\xglbuffer.cpp">
      <Filter>xgl\Source Files</Filter>
    </ClCompile>
    <ClCompile Include="xgl\xglcamera.cpp">
      <Filter>xgl\Source Files</Filter>
    </ClCompile>
    <ClCompile Include="xgl\xglfont.cpp">
      <Filter>xgl\Source Files</Filter>
    </ClCompile>
    <ClCompile Include="xgl\xgllight.cpp">
      <Filter>xgl\Source Files</Filter>
    </ClCompile>
    <ClCompile Include="xgl\xglmaterial.cpp">
      <Filter>xgl\Source Files</Filter>
    </ClCompile>
    <ClCompile Include="xgl\xglprojector.cpp">
      <Filter>xgl\Source Files</Filter>
    </ClCompile>
    <ClCompile Include="xgl\xglshader.cpp">
      <Filter>xgl\Source Files</Filter>
    </ClCompile>
    <ClCompile Include="xgl\xglshapes.cpp">
      <Filter>xgl\Source Files</Filter>
    </ClCompile>
    <ClCompile Include="xgl\xgluniform.cpp">
      <Filter>xgl\Source Files</Filter>
    </ClCompile>
    <ClCompile Include="3rdParty\soil\src\image_DXT.c">
      <Filter>soil\Source Files</Filter>
    </ClCompile>
    <ClCompile Include="3rdParty\soil\src\image_helper.c">
      <Filter>soil\Source Files</Filter>
    </ClCompile>
    <ClCompile Include="3rdParty\soil\src\SOIL.c">
      <Filter>soil\Source Files</Filter>
    </ClCompile>
    <ClCompile Include="3rdParty\soil\src\stb_image_aug.c">
      <Filter>soil\Source Files</Filter>
    </ClCompile>
    <ClCompile Include="xgl\xgl.cpp">
      <Filter>xgl\Source Files</Filter>
    </ClCompile>
    <ClCompile Include="xgl\glew.c">
      <Filter>xgl\Source Files</Filter>
    </ClCompile>
    <ClCompile Include="xinput.cpp">
      <Filter>Source Files</Filter>
    </ClCompile>
    <ClCompile Include="xav\xavfile.cpp">
      <Filter>xav\Source Files</Filter>
    </ClCompile>
    <ClCompile Include="xav\xav.cpp">
      <Filter>xav\Source Files</Filter>
    </ClCompile>
    <ClCompile Include="xgl\xglframebuffer.cpp">
      <Filter>xgl\Source Files</Filter>
    </ClCompile>
    <ClCompile Include="xshmem.cpp">
      <Filter>Source Files</Filter>
    </ClCompile>
    <ClCompile Include="xal\xal.cpp">
      <Filter>xal\Source Files</Filter>
    </ClCompile>
    <ClCompile Include="JSON.cpp">
      <Filter>Source Files</Filter>
    </ClCompile>
    <ClCompile Include="JSONValue.cpp">
      <Filter>Source Files</Filter>
    </ClCompile>
    <ClCompile Include="xassets.cpp">
      <Filter>Source Files</Filter>
    </ClCompile>
    <ClCompile Include="xgl\xglworldcursor.cpp">
      <Filter>xgl\Source Files</Filter>
    </ClCompile>
    <ClCompile Include="xgl\xglpixelbuffer.cpp">
      <Filter>xgl\Source Files</Filter>
    </ClCompile>
    <ClCompile Include="xav\xavenc.cpp">
      <Filter>xav\Source Files</Filter>
    </ClCompile>
    <ClCompile Include="socket.c">
      <Filter>Source Files</Filter>
    </ClCompile>
    <ClCompile Include="xutils.c">
      <Filter>Source Files</Filter>
    </ClCompile>
    <ClCompile Include="xgl\xglgui.cpp">
      <Filter>xgl\Source Files</Filter>
    </ClCompile>
    <ClCompile Include="xuart.cpp">
      <Filter>Source Files</Filter>
    </ClCompile>
    <ClCompile Include="xobject.cpp">
      <Filter>Source Files</Filter>
    </ClCompile>
    <ClCompile Include="xuartascii.cpp">
      <Filter>Source Files</Filter>
    </ClCompile>
    <ClCompile Include="xftdi.cpp">
      <Filter>Source Files</Filter>
    </ClCompile>
    <ClCompile Include="xmavlink.cpp">
      <Filter>Source Files</Filter>
    </ClCompile>
    <ClCompile Include="xmqtt.cpp">
      <Filter>Source Files</Filter>
    </ClCompile>
    <ClCompile Include="xgl\xglhmd.cpp">
      <Filter>xgl\Source Files</Filter>
    </ClCompile>
    <ClCompile Include="xphy\xphybody.cpp">
      <Filter>xphy\Source Files</Filter>
    </ClCompile>
    <ClCompile Include="xav\xavsrc.cpp">
      <Filter>xav\Source Files</Filter>
    </ClCompile>
    <ClCompile Include="3rdParty\NuclexTimer\Source\Timing\Clock.cpp">
      <Filter>NuclexTimer\Source Files</Filter>
    </ClCompile>
    <ClCompile Include="3rdParty\NuclexTimer\Source\Timing\GameTime.cpp">
      <Filter>NuclexTimer\Source Files</Filter>
    </ClCompile>
    <ClCompile Include="3rdParty\NuclexTimer\Source\Timing\ManualClock.cpp">
      <Filter>NuclexTimer\Source Files</Filter>
    </ClCompile>
    <ClCompile Include="3rdParty\NuclexTimer\Source\Timing\ScaledTimer.cpp">
      <Filter>NuclexTimer\Source Files</Filter>
    </ClCompile>
    <ClCompile Include="3rdParty\NuclexTimer\Source\Timing\SteppedTimer.cpp">
      <Filter>NuclexTimer\Source Files</Filter>
    </ClCompile>
    <ClCompile Include="3rdParty\NuclexTimer\Source\Timing\Timer.cpp">
      <Filter>NuclexTimer\Source Files</Filter>
    </ClCompile>
    <ClCompile Include="3rdParty\NuclexTimer\Source\Timing\WindowsClock.cpp">
      <Filter>NuclexTimer\Source Files</Filter>
    </ClCompile>
    <ClCompile Include="3rdParty\imgui\examples\imgui_impl_glfw.cpp">
      <Filter>xgl\Source Files\imgui</Filter>
    </ClCompile>
    <ClCompile Include="3rdParty\imgui\examples\imgui_impl_opengl3.cpp">
      <Filter>xgl\Source Files\imgui</Filter>
    </ClCompile>
    <ClCompile Include="3rdParty\imgui\imgui.cpp">
      <Filter>xgl\Source Files\imgui</Filter>
    </ClCompile>
    <ClCompile Include="3rdParty\imgui\imgui_demo.cpp">
      <Filter>xgl\Source Files\imgui</Filter>
    </ClCompile>
    <ClCompile Include="3rdParty\imgui\imgui_draw.cpp">
      <Filter>xgl\Source Files\imgui</Filter>
    </ClCompile>
    <ClCompile Include="3rdParty\imgui\imgui_widgets.cpp">
      <Filter>xgl\Source Files\imgui</Filter>
    </ClCompile>
    <ClCompile Include="3rdParty\imgui\misc\cpp\imgui_stdlib.cpp">
      <Filter>xgl\Source Files\imgui</Filter>
    </ClCompile>
    <ClCompile Include="3rdParty\imgui\misc\freetype\imgui_freetype.cpp">
      <Filter>xgl\Source Files\imgui</Filter>
    </ClCompile>
  </ItemGroup>
  <ItemGroup>
    <None Include="3rdParty\3rdPartyCopy.proj" />
    <None Include="xclass-copy.proj" />
    <None Include="xclass.props" />
    <None Include="mavlink.props" />
    <None Include="OpenAL.props" />
    <None Include="OpenCV.props" />
    <None Include="ftdi.props" />
    <None Include="..\madstyletv.props" />
    <None Include="ffmpeg.props" />
    <None Include="PhysX.props" />
    <None Include="Assimp.props" />
    <None Include="poco.props" />
  </ItemGroup>
</Project>